# THIS IS AN AUTOGENERATED FILE. DO NOT EDIT THIS FILE DIRECTLY.
# yarn lockfile v1


"@opentelemetry/api@^0.11.0":
  version "0.11.0"
  resolved "https://registry.yarnpkg.com/@opentelemetry/api/-/api-0.11.0.tgz#e0f6d96b3754306e55fe6154d81ee048c7529fd6"
  integrity sha512-K+1ADLMxduhsXoZ0GRfi9Pw162FvzBQLDQlHru1lg86rpIU+4XqdJkSGo6y3Kg+GmOWq1HNHOA/ydw/rzHQkRg==
  dependencies:
    "@opentelemetry/context-base" "^0.11.0"

"@opentelemetry/context-async-hooks@^0.11.0":
  version "0.11.0"
  resolved "https://registry.yarnpkg.com/@opentelemetry/context-async-hooks/-/context-async-hooks-0.11.0.tgz#97061fb862e43097b8c1a711bd4dd62f67d49ffa"
  integrity sha512-4z0X9EfvoLNA6R5yi+2taUyaSCUiyi/ht1qBYZMgpWvWwARgc5hcgGkZo7bekPk1zWfE9NFIhW6ySOXOP9CXyQ==
  dependencies:
    "@opentelemetry/context-base" "^0.11.0"

"@opentelemetry/context-base@^0.11.0":
  version "0.11.0"
  resolved "https://registry.yarnpkg.com/@opentelemetry/context-base/-/context-base-0.11.0.tgz#60bb6daf0800b6a8aa9f48403a84825f3bb0b1d1"
  integrity sha512-ESRk+572bftles7CVlugAj5Azrz61VO0MO0TS2pE9MLVL/zGmWuUBQryART6/nsrFqo+v9HPt37GPNcECTZR1w==

"@opentelemetry/core@^0.11.0":
  version "0.11.0"
  resolved "https://registry.yarnpkg.com/@opentelemetry/core/-/core-0.11.0.tgz#4f1aacc825fa25bc1b0977a9983713f814e27f98"
  integrity sha512-ZEKjBXeDGBqzouz0uJmrbEKNExEsQOhsZ3tJDCLcz5dUNoVw642oIn2LYWdQK2YdIfZbEmltiF65/csGsaBtFA==
  dependencies:
    "@opentelemetry/api" "^0.11.0"
    "@opentelemetry/context-base" "^0.11.0"
    semver "^7.1.3"

"@opentelemetry/node@^0.11.0":
  version "0.11.0"
  resolved "https://registry.yarnpkg.com/@opentelemetry/node/-/node-0.11.0.tgz#81036e8ea51edd2381c3bbab60751b06d22e3cba"
  integrity sha512-1SrZNbF7aBShySvsmWL+3bir6fVugjSnCyXsKMwclinhZIHd2cUfgjKdi42OCcA5G4Pp8TpO7/8ue8qI5yKX8w==
  dependencies:
    "@opentelemetry/api" "^0.11.0"
    "@opentelemetry/context-async-hooks" "^0.11.0"
    "@opentelemetry/core" "^0.11.0"
    "@opentelemetry/tracing" "^0.11.0"
    require-in-the-middle "^5.0.0"
    semver "^7.1.3"

"@opentelemetry/resources@^0.11.0":
  version "0.11.0"
  resolved "https://registry.yarnpkg.com/@opentelemetry/resources/-/resources-0.11.0.tgz#e522354eb791c3bb3b20a06b7793259ad1cedf6c"
  integrity sha512-o7DwV1TcezqBtS5YW2AWBcn01nVpPptIbTr966PLlVBcS//w8LkjeOShiSZxQ0lmV4b2en0FiSouSDoXk/5qIQ==
  dependencies:
    "@opentelemetry/api" "^0.11.0"
    "@opentelemetry/core" "^0.11.0"

"@opentelemetry/semantic-conventions@^0.11.0":
  version "0.11.0"
  resolved "https://registry.yarnpkg.com/@opentelemetry/semantic-conventions/-/semantic-conventions-0.11.0.tgz#9d2bb0d67620bb8c01c95174fbaaefc109189963"
  integrity sha512-xsthnI/J+Cx0YVDGgUzvrH0ZTtfNtl866M454NarYwDrc0JvC24sYw+XS5PJyk2KDzAHtb0vlrumUc1OAut/Fw==

"@opentelemetry/tracing@^0.11.0":
  version "0.11.0"
  resolved "https://registry.yarnpkg.com/@opentelemetry/tracing/-/tracing-0.11.0.tgz#4003660e91d1069decc4754ba72ab6b32b6035b6"
  integrity sha512-QweFmxzl32BcyzwdWCNjVXZT1WeENNS/RWETq/ohqu+fAsTcMyGcr6cOq/yDdFmtBy+bm5WVVdeByEjNS+c4/w==
  dependencies:
    "@opentelemetry/api" "^0.11.0"
    "@opentelemetry/context-base" "^0.11.0"
    "@opentelemetry/core" "^0.11.0"
    "@opentelemetry/resources" "^0.11.0"
    "@opentelemetry/semantic-conventions" "^0.11.0"

"@uptrace/core@^0.1.2":
  version "0.1.2"
  resolved "https://registry.yarnpkg.com/@uptrace/core/-/core-0.1.2.tgz#c4f0f375d91fc416be3875ad415fa5ff773980b0"
  integrity sha512-Stiui0klsJhVkrbKAtDzZQEViDxvT2TCIxcZJ7FXMksDjnDekP5xXlOyUmPHaLg/1FSBxTYvNbJS1Ahz/V+4Kw==
  dependencies:
    "@opentelemetry/api" "^0.11.0"
    "@opentelemetry/core" "^0.11.0"
    "@opentelemetry/tracing" "^0.11.0"
    cross-fetch "^3.0.5"

"@uptrace/node@0.1.2":
  version "0.1.2"
  resolved "https://registry.yarnpkg.com/@uptrace/node/-/node-0.1.2.tgz#f0c08e5bfd77aa6ffff7b0962b2aeadddba71f18"
  integrity sha512-HBTN0nvUR42+byyLA+HQjsBgDpyjqVCn52/PZ6GTRxBeL4224z9/lMADQTCsbdqg9iV8BpyQyPZGCmvwKIj4ZQ==
  dependencies:
    "@opentelemetry/node" "^0.11.0"
    "@uptrace/core" "^0.1.2"

cross-fetch@^3.0.5:
  version "3.0.5"
  resolved "https://registry.yarnpkg.com/cross-fetch/-/cross-fetch-3.0.5.tgz#2739d2981892e7ab488a7ad03b92df2816e03f4c"
  integrity sha512-FFLcLtraisj5eteosnX1gf01qYDCOc4fDy0+euOt8Kn9YBY2NtXL/pCoYPavw24NIQkQqm5ZOLsGD5Zzj0gyew==
  dependencies:
    node-fetch "2.6.0"

debug@^4.1.1:
  version "4.1.1"
  resolved "https://registry.yarnpkg.com/debug/-/debug-4.1.1.tgz#3b72260255109c6b589cee050f1d516139664791"
  integrity sha512-pYAIzeRo8J6KPEaJ0VWOh5Pzkbw/RetuzehGM7QRRX5he4fPHx2rdKMB256ehJCkX+XRQm16eZLqLNS8RSZXZw==
  dependencies:
    ms "^2.1.1"

module-details-from-path@^1.0.3:
  version "1.0.3"
  resolved "https://registry.yarnpkg.com/module-details-from-path/-/module-details-from-path-1.0.3.tgz#114c949673e2a8a35e9d35788527aa37b679da2b"
  integrity sha1-EUyUlnPiqKNenTV4hSeqN7Z52is=

ms@^2.1.1:
  version "2.1.2"
  resolved "https://registry.yarnpkg.com/ms/-/ms-2.1.2.tgz#d09d1f357b443f493382a8eb3ccd183872ae6009"
  integrity sha512-sGkPx+VjMtmA6MX27oA4FBFELFCZZ4S4XqeGOXCv68tT+jb3vk/RyaKWP0PTKyWtmLSM0b+adUTEvbs1PEaH2w==

node-fetch@2.6.0:
  version "2.6.0"
  resolved "https://registry.yarnpkg.com/node-fetch/-/node-fetch-2.6.0.tgz#e633456386d4aa55863f676a7ab0daa8fdecb0fd"
  integrity sha512-8dG4H5ujfvFiqDmVu9fQ5bOHUC15JMjMY/Zumv26oOvvVJjM67KF8koCWIabKQ1GJIa9r2mMZscBq/TbdOcmNA==

path-parse@^1.0.6:
  version "1.0.6"
  resolved "https://registry.yarnpkg.com/path-parse/-/path-parse-1.0.6.tgz#d62dbb5679405d72c4737ec58600e9ddcf06d24c"
  integrity sha512-GSmOT2EbHrINBf9SR7CDELwlJ8AENk3Qn7OikK4nFYAu3Ote2+JYNVvkpAEQm3/TLNEJFD/xZJjzyxg3KBWOzw==

require-in-the-middle@^5.0.0:
  version "5.0.3"
  resolved "https://registry.yarnpkg.com/require-in-the-middle/-/require-in-the-middle-5.0.3.tgz#ef8bfd771760db573bc86d1341d8ae411a04c600"
  integrity sha512-p/ICV8uMlqC4tjOYabLMxAWCIKa0YUQgZZ6KDM0xgXJNgdGQ1WmL2A07TwmrZw+wi6ITUFKzH5v3n+ENEyXVkA==
  dependencies:
    debug "^4.1.1"
    module-details-from-path "^1.0.3"
    resolve "^1.12.0"

resolve@^1.12.0:
  version "1.17.0"
  resolved "https://registry.yarnpkg.com/resolve/-/resolve-1.17.0.tgz#b25941b54968231cc2d1bb76a79cb7f2c0bf8444"
  integrity sha512-ic+7JYiV8Vi2yzQGFWOkiZD5Z9z7O2Zhm9XMaTxdJExKasieFCr+yXZ/WmXsckHiKl12ar0y6XiXDx3m4RHn1w==
  dependencies:
    path-parse "^1.0.6"

semver@^7.1.3:
  version "7.3.2"
  resolved "https://registry.yarnpkg.com/semver/-/semver-7.3.2.tgz#604962b052b81ed0786aae84389ffba70ffd3938"
  integrity sha512-OrOb32TeeambH6UrhtShmF7CRDqhL6/5XpPNp2DuRH6+9QLw/orhp72j87v8Qa1ScDkvrrBNpZcDejAirJmfXQ==
