# THIS IS AN AUTOGENERATED FILE. DO NOT EDIT THIS FILE DIRECTLY.
# yarn lockfile v1


"@hapi/accept@^5.0.1":
  version "5.0.2"
  resolved "https://registry.yarnpkg.com/@hapi/accept/-/accept-5.0.2.tgz#ab7043b037e68b722f93f376afb05e85c0699523"
  integrity sha512-CmzBx/bXUR8451fnZRuZAJRlzgm0Jgu5dltTX/bszmR2lheb9BpyN47Q1RbaGTsvFzn0PXAEs+lXDKfshccYZw==
  dependencies:
    "@hapi/boom" "9.x.x"
    "@hapi/hoek" "9.x.x"

"@hapi/ammo@^5.0.1":
  version "5.0.1"
  resolved "https://registry.yarnpkg.com/@hapi/ammo/-/ammo-5.0.1.tgz#9d34560f5c214eda563d838c01297387efaab490"
  integrity sha512-FbCNwcTbnQP4VYYhLNGZmA76xb2aHg9AMPiy18NZyWMG310P5KdFGyA9v2rm5ujrIny77dEEIkMOwl0Xv+fSSA==
  dependencies:
    "@hapi/hoek" "9.x.x"

"@hapi/b64@5.x.x":
  version "5.0.0"
  resolved "https://registry.yarnpkg.com/@hapi/b64/-/b64-5.0.0.tgz#b8210cbd72f4774985e78569b77e97498d24277d"
  integrity sha512-ngu0tSEmrezoiIaNGG6rRvKOUkUuDdf4XTPnONHGYfSGRmDqPZX5oJL6HAdKTo1UQHECbdB4OzhWrfgVppjHUw==
  dependencies:
    "@hapi/hoek" "9.x.x"

"@hapi/boom@9.x.x", "@hapi/boom@^9.1.0":
  version "9.1.2"
  resolved "https://registry.yarnpkg.com/@hapi/boom/-/boom-9.1.2.tgz#48bd41d67437164a2d636e3b5bc954f8c8dc5e38"
  integrity sha512-uJEJtiNHzKw80JpngDGBCGAmWjBtzxDCz17A9NO2zCi8LLBlb5Frpq4pXwyN+2JQMod4pKz5BALwyneCgDg89Q==
  dependencies:
    "@hapi/hoek" "9.x.x"

"@hapi/bounce@2.x.x", "@hapi/bounce@^2.0.0":
  version "2.0.0"
  resolved "https://registry.yarnpkg.com/@hapi/bounce/-/bounce-2.0.0.tgz#e6ef56991c366b1e2738b2cd83b01354d938cf3d"
  integrity sha512-JesW92uyzOOyuzJKjoLHM1ThiOvHPOLDHw01YV8yh5nCso7sDwJho1h0Ad2N+E62bZyz46TG3xhAi/78Gsct6A==
  dependencies:
    "@hapi/boom" "9.x.x"
    "@hapi/hoek" "9.x.x"

"@hapi/bourne@2.x.x":
  version "2.0.0"
  resolved "https://registry.yarnpkg.com/@hapi/bourne/-/bourne-2.0.0.tgz#5bb2193eb685c0007540ca61d166d4e1edaf918d"
  integrity sha512-WEezM1FWztfbzqIUbsDzFRVMxSoLy3HugVcux6KDDtTqzPsLE8NDRHfXvev66aH1i2oOKKar3/XDjbvh/OUBdg==

"@hapi/call@^8.0.0":
  version "8.0.1"
  resolved "https://registry.yarnpkg.com/@hapi/call/-/call-8.0.1.tgz#9e64cd8ba6128eb5be6e432caaa572b1ed8cd7c0"
  integrity sha512-bOff6GTdOnoe5b8oXRV3lwkQSb/LAWylvDMae6RgEWWntd0SHtkYbQukDHKlfaYtVnSAgIavJ0kqszF/AIBb6g==
  dependencies:
    "@hapi/boom" "9.x.x"
    "@hapi/hoek" "9.x.x"

"@hapi/catbox-memory@^5.0.0":
  version "5.0.0"
  resolved "https://registry.yarnpkg.com/@hapi/catbox-memory/-/catbox-memory-5.0.0.tgz#6c18dad1a80737480d1c33bfbefd5d028deec86d"
  integrity sha512-ByuxVJPHNaXwLzbBv4GdTr6ccpe1nG+AfYt+8ftDWEJY7EWBWzD+Klhy5oPTDGzU26pNUh1e7fcYI1ILZRxAXQ==
  dependencies:
    "@hapi/boom" "9.x.x"
    "@hapi/hoek" "9.x.x"

"@hapi/catbox@^11.1.1":
  version "11.1.1"
  resolved "https://registry.yarnpkg.com/@hapi/catbox/-/catbox-11.1.1.tgz#d277e2d5023fd69cddb33d05b224ea03065fec0c"
  integrity sha512-u/8HvB7dD/6X8hsZIpskSDo4yMKpHxFd7NluoylhGrL6cUfYxdQPnvUp9YU2C6F9hsyBVLGulBd9vBN1ebfXOQ==
  dependencies:
    "@hapi/boom" "9.x.x"
    "@hapi/hoek" "9.x.x"
    "@hapi/podium" "4.x.x"
    "@hapi/validate" "1.x.x"

"@hapi/content@^5.0.2":
  version "5.0.2"
  resolved "https://registry.yarnpkg.com/@hapi/content/-/content-5.0.2.tgz#ae57954761de570392763e64cdd75f074176a804"
  integrity sha512-mre4dl1ygd4ZyOH3tiYBrOUBzV7Pu/EOs8VLGf58vtOEECWed8Uuw6B4iR9AN/8uQt42tB04qpVaMyoMQh0oMw==
  dependencies:
    "@hapi/boom" "9.x.x"

"@hapi/cryptiles@5.x.x":
  version "5.1.0"
  resolved "https://registry.yarnpkg.com/@hapi/cryptiles/-/cryptiles-5.1.0.tgz#655de4cbbc052c947f696148c83b187fc2be8f43"
  integrity sha512-fo9+d1Ba5/FIoMySfMqPBR/7Pa29J2RsiPrl7bkwo5W5o+AN1dAYQRi4SPrPwwVxVGKjgLOEWrsvt1BonJSfLA==
  dependencies:
    "@hapi/boom" "9.x.x"

"@hapi/file@2.x.x":
  version "2.0.0"
  resolved "https://registry.yarnpkg.com/@hapi/file/-/file-2.0.0.tgz#2ecda37d1ae9d3078a67c13b7da86e8c3237dfb9"
  integrity sha512-WSrlgpvEqgPWkI18kkGELEZfXr0bYLtr16iIN4Krh9sRnzBZN6nnWxHFxtsnP684wueEySBbXPDg/WfA9xJdBQ==

"@hapi/hapi@^20.1.2":
  version "20.1.2"
  resolved "https://registry.yarnpkg.com/@hapi/hapi/-/hapi-20.1.2.tgz#f4ed73279142d98944e2e8a59f4ddb04164758bd"
  integrity sha512-yLppH93as7vw+uaAMVcHEB13eBojuzGhcX948y/CGukNRAlnPV+c1EJGbYPLXVffpH8wCNsI7TrTaeifSFS6Vw==
  dependencies:
    "@hapi/accept" "^5.0.1"
    "@hapi/ammo" "^5.0.1"
    "@hapi/boom" "^9.1.0"
    "@hapi/bounce" "^2.0.0"
    "@hapi/call" "^8.0.0"
    "@hapi/catbox" "^11.1.1"
    "@hapi/catbox-memory" "^5.0.0"
    "@hapi/heavy" "^7.0.1"
    "@hapi/hoek" "^9.0.4"
    "@hapi/mimos" "^5.0.0"
    "@hapi/podium" "^4.1.1"
    "@hapi/shot" "^5.0.5"
    "@hapi/somever" "^3.0.0"
    "@hapi/statehood" "^7.0.3"
    "@hapi/subtext" "^7.0.3"
    "@hapi/teamwork" "^5.1.0"
    "@hapi/topo" "^5.0.0"
    "@hapi/validate" "^1.1.1"

"@hapi/heavy@^7.0.1":
  version "7.0.1"
  resolved "https://registry.yarnpkg.com/@hapi/heavy/-/heavy-7.0.1.tgz#73315ae33b6e7682a0906b7a11e8ca70e3045874"
  integrity sha512-vJ/vzRQ13MtRzz6Qd4zRHWS3FaUc/5uivV2TIuExGTM9Qk+7Zzqj0e2G7EpE6KztO9SalTbiIkTh7qFKj/33cA==
  dependencies:
    "@hapi/boom" "9.x.x"
    "@hapi/hoek" "9.x.x"
    "@hapi/validate" "1.x.x"

"@hapi/hoek@9.x.x", "@hapi/hoek@^9.0.0", "@hapi/hoek@^9.0.4":
  version "9.1.1"
  resolved "https://registry.yarnpkg.com/@hapi/hoek/-/hoek-9.1.1.tgz#9daf5745156fd84b8e9889a2dc721f0c58e894aa"
  integrity sha512-CAEbWH7OIur6jEOzaai83jq3FmKmv4PmX1JYfs9IrYcGEVI/lyL1EXJGCj7eFVJ0bg5QR8LMxBlEtA+xKiLpFw==

"@hapi/iron@6.x.x":
  version "6.0.0"
  resolved "https://registry.yarnpkg.com/@hapi/iron/-/iron-6.0.0.tgz#ca3f9136cda655bdd6028de0045da0de3d14436f"
  integrity sha512-zvGvWDufiTGpTJPG1Y/McN8UqWBu0k/xs/7l++HVU535NLHXsHhy54cfEMdW7EjwKfbBfM9Xy25FmTiobb7Hvw==
  dependencies:
    "@hapi/b64" "5.x.x"
    "@hapi/boom" "9.x.x"
    "@hapi/bourne" "2.x.x"
    "@hapi/cryptiles" "5.x.x"
    "@hapi/hoek" "9.x.x"

"@hapi/mimos@^5.0.0":
  version "5.0.0"
  resolved "https://registry.yarnpkg.com/@hapi/mimos/-/mimos-5.0.0.tgz#245c6c98b1cc2c13395755c730321b913de074eb"
  integrity sha512-EVS6wJYeE73InTlPWt+2e3Izn319iIvffDreci3qDNT+t3lA5ylJ0/SoTaID8e0TPNUkHUSsgJZXEmLHvoYzrA==
  dependencies:
    "@hapi/hoek" "9.x.x"
    mime-db "1.x.x"

"@hapi/nigel@4.x.x":
  version "4.0.2"
  resolved "https://registry.yarnpkg.com/@hapi/nigel/-/nigel-4.0.2.tgz#8f84ef4bca4fb03b2376463578f253b0b8e863c4"
  integrity sha512-ht2KoEsDW22BxQOEkLEJaqfpoKPXxi7tvabXy7B/77eFtOyG5ZEstfZwxHQcqAiZhp58Ae5vkhEqI03kawkYNw==
  dependencies:
    "@hapi/hoek" "^9.0.4"
    "@hapi/vise" "^4.0.0"

"@hapi/pez@^5.0.1":
  version "5.0.3"
  resolved "https://registry.yarnpkg.com/@hapi/pez/-/pez-5.0.3.tgz#b75446e6fef8cbb16816573ab7da1b0522e7a2a1"
  integrity sha512-mpikYRJjtrbJgdDHG/H9ySqYqwJ+QU/D7FXsYciS9P7NYBXE2ayKDAy3H0ou6CohOCaxPuTV4SZ0D936+VomHA==
  dependencies:
    "@hapi/b64" "5.x.x"
    "@hapi/boom" "9.x.x"
    "@hapi/content" "^5.0.2"
    "@hapi/hoek" "9.x.x"
    "@hapi/nigel" "4.x.x"

"@hapi/podium@4.x.x", "@hapi/podium@^4.1.1":
  version "4.1.2"
  resolved "https://registry.yarnpkg.com/@hapi/podium/-/podium-4.1.2.tgz#5ef04ee8ab0b72246447c23a07f6695f0e87d8a6"
  integrity sha512-M65LcxcFOWGVHyTGv6W6lqv3jFL6CwTMcmqBi05qGOaLA0kSVkC2oPu0EoViGbgujNR3qrrACZC9c3eI6xOcdg==
  dependencies:
    "@hapi/hoek" "9.x.x"
    "@hapi/teamwork" "5.x.x"
    "@hapi/validate" "1.x.x"

"@hapi/shot@^5.0.5":
  version "5.0.5"
  resolved "https://registry.yarnpkg.com/@hapi/shot/-/shot-5.0.5.tgz#a25c23d18973bec93c7969c51bf9579632a5bebd"
  integrity sha512-x5AMSZ5+j+Paa8KdfCoKh+klB78otxF+vcJR/IoN91Vo2e5ulXIW6HUsFTCU+4W6P/Etaip9nmdAx2zWDimB2A==
  dependencies:
    "@hapi/hoek" "9.x.x"
    "@hapi/validate" "1.x.x"

"@hapi/somever@^3.0.0":
  version "3.0.0"
  resolved "https://registry.yarnpkg.com/@hapi/somever/-/somever-3.0.0.tgz#f4e9b16a948415b926b4dd898013602b0cb45758"
  integrity sha512-Upw/kmKotC9iEmK4y047HMYe4LDKsE5NWfjgX41XNKmFvxsQL7OiaCWVhuyyhU0ShDGBfIAnCH8jZr49z/JzZA==
  dependencies:
    "@hapi/bounce" "2.x.x"
    "@hapi/hoek" "9.x.x"

"@hapi/statehood@^7.0.3":
  version "7.0.3"
  resolved "https://registry.yarnpkg.com/@hapi/statehood/-/statehood-7.0.3.tgz#655166f3768344ed3c3b50375a303cdeca8040d9"
  integrity sha512-pYB+pyCHkf2Amh67QAXz7e/DN9jcMplIL7Z6N8h0K+ZTy0b404JKPEYkbWHSnDtxLjJB/OtgElxocr2fMH4G7w==
  dependencies:
    "@hapi/boom" "9.x.x"
    "@hapi/bounce" "2.x.x"
    "@hapi/bourne" "2.x.x"
    "@hapi/cryptiles" "5.x.x"
    "@hapi/hoek" "9.x.x"
    "@hapi/iron" "6.x.x"
    "@hapi/validate" "1.x.x"

"@hapi/subtext@^7.0.3":
  version "7.0.3"
  resolved "https://registry.yarnpkg.com/@hapi/subtext/-/subtext-7.0.3.tgz#f7440fc7c966858e1f39681e99eb6171c71e7abd"
  integrity sha512-CekDizZkDGERJ01C0+TzHlKtqdXZxzSWTOaH6THBrbOHnsr3GY+yiMZC+AfNCypfE17RaIakGIAbpL2Tk1z2+A==
  dependencies:
    "@hapi/boom" "9.x.x"
    "@hapi/bourne" "2.x.x"
    "@hapi/content" "^5.0.2"
    "@hapi/file" "2.x.x"
    "@hapi/hoek" "9.x.x"
    "@hapi/pez" "^5.0.1"
    "@hapi/wreck" "17.x.x"

"@hapi/teamwork@5.x.x", "@hapi/teamwork@^5.1.0":
  version "5.1.0"
  resolved "https://registry.yarnpkg.com/@hapi/teamwork/-/teamwork-5.1.0.tgz#7801a61fc727f702fd2196ef7625eb4e389f4124"
  integrity sha512-llqoQTrAJDTXxG3c4Kz/uzhBS1TsmSBa/XG5SPcVXgmffHE1nFtyLIK0hNJHCB3EuBKT84adzd1hZNY9GJLWtg==

"@hapi/topo@^5.0.0":
  version "5.0.0"
  resolved "https://registry.yarnpkg.com/@hapi/topo/-/topo-5.0.0.tgz#c19af8577fa393a06e9c77b60995af959be721e7"
  integrity sha512-tFJlT47db0kMqVm3H4nQYgn6Pwg10GTZHb1pwmSiv1K4ks6drQOtfEF5ZnPjkvC+y4/bUPHK+bc87QvLcL+WMw==
  dependencies:
    "@hapi/hoek" "^9.0.0"

"@hapi/validate@1.x.x", "@hapi/validate@^1.1.1":
  version "1.1.3"
  resolved "https://registry.yarnpkg.com/@hapi/validate/-/validate-1.1.3.tgz#f750a07283929e09b51aa16be34affb44e1931ad"
  integrity sha512-/XMR0N0wjw0Twzq2pQOzPBZlDzkekGcoCtzO314BpIEsbXdYGthQUbxgkGDf4nhk1+IPDAsXqWjMohRQYO06UA==
  dependencies:
    "@hapi/hoek" "^9.0.0"
    "@hapi/topo" "^5.0.0"

"@hapi/vise@^4.0.0":
  version "4.0.0"
  resolved "https://registry.yarnpkg.com/@hapi/vise/-/vise-4.0.0.tgz#c6a94fe121b94a53bf99e7489f7fcc74c104db02"
  integrity sha512-eYyLkuUiFZTer59h+SGy7hUm+qE9p+UemePTHLlIWppEd+wExn3Df5jO04bFQTm7nleF5V8CtuYQYb+VFpZ6Sg==
  dependencies:
    "@hapi/hoek" "9.x.x"

"@hapi/wreck@17.x.x":
  version "17.1.0"
  resolved "https://registry.yarnpkg.com/@hapi/wreck/-/wreck-17.1.0.tgz#fbdc380c6f3fa1f8052dc612b2d3b6ce3e88dbec"
  integrity sha512-nx6sFyfqOpJ+EFrHX+XWwJAxs3ju4iHdbB/bwR8yTNZOiYmuhA8eCe7lYPtYmb4j7vyK/SlbaQsmTtUrMvPEBw==
  dependencies:
    "@hapi/boom" "9.x.x"
    "@hapi/bourne" "2.x.x"
    "@hapi/hoek" "9.x.x"

"@opentelemetry/api-metrics@^0.18.0", "@opentelemetry/api-metrics@^0.18.2":
  version "0.18.2"
  resolved "https://registry.yarnpkg.com/@opentelemetry/api-metrics/-/api-metrics-0.18.2.tgz#12ad987cb785e142508e6df3772b8908f2edd8de"
  integrity sha512-yoC1Bg3GRAf2xXAVsE6Wf54rs351XO694PsnvWGRXITJQq84yLru7Qq12w6w3N5TTyGzW6oZtqXpGWe5Im/dNQ==
  dependencies:
    "@opentelemetry/api" "^0.18.1"

"@opentelemetry/api@0.18.1", "@opentelemetry/api@^0.18.0", "@opentelemetry/api@^0.18.1":
  version "0.18.1"
  resolved "https://registry.yarnpkg.com/@opentelemetry/api/-/api-0.18.1.tgz#fb499e07afa1f55acffc47b2469eb218dcdee2a2"
  integrity sha512-pKNxHe3AJ5T2N5G3AlT9gx6FyF5K2FS9ZNc+FipC+f1CpVF/EY+JHTJ749dnM2kWIgZTbDJFiGMuc0FYjNSCOg==

"@opentelemetry/api@^1.0.0-rc.0":
  version "1.0.0-rc.0"
  resolved "https://registry.yarnpkg.com/@opentelemetry/api/-/api-1.0.0-rc.0.tgz#0c7c3f5e1285f99cedb563d74ad1adb9822b5144"
  integrity sha512-iXKByCMfrlO5S6Oh97BuM56tM2cIBB0XsL/vWF/AtJrJEKx4MC/Xdu0xDsGXMGcNWpqF7ujMsjjnp0+UHBwnDQ==

"@opentelemetry/context-async-hooks@^0.18.0", "@opentelemetry/context-async-hooks@^0.18.2":
  version "0.18.2"
  resolved "https://registry.yarnpkg.com/@opentelemetry/context-async-hooks/-/context-async-hooks-0.18.2.tgz#65c06f91fbcba58e9865978ed43b46a1a12a3a4e"
  integrity sha512-p//1ocBUI6EKXfyijtOPzKuLGBkNxcZLEWDpKKLw8fVK0gCuJiZ//hYMlemc7WvJuAYH27Vapo3cc6NTt/arPw==
  dependencies:
    "@opentelemetry/api" "^0.18.1"

"@opentelemetry/core@0.18.0":
  version "0.18.0"
  resolved "https://registry.yarnpkg.com/@opentelemetry/core/-/core-0.18.0.tgz#51f1cea441c163e53eee2a454134ee0bc6451177"
  integrity sha512-Kg+LBIAPK70tEtpIAdZomkUmbABK+EwfnjFfvJ1rVZ8e0NApDx14Sq92RbGDIf67TK5mBgIvvY27W+ic354UZQ==
  dependencies:
    "@opentelemetry/api" "^0.18.0"
    semver "^7.1.3"

"@opentelemetry/core@^0.18.0", "@opentelemetry/core@^0.18.2":
  version "0.18.2"
  resolved "https://registry.yarnpkg.com/@opentelemetry/core/-/core-0.18.2.tgz#3f8f54e250416b50730551f73e42fca9808cafd3"
  integrity sha512-WG8veOEd8xZHuBaOHddzWQg5yj794lrEPAe6W1qI0YkV7pyqYXvhJdCxOU5Lyo1SWzTAjI5xrCUQ9J2WlrqzYA==
  dependencies:
    "@opentelemetry/api" "^0.18.1"
    semver "^7.1.3"

"@opentelemetry/instrumentation-hapi@^0.15.0":
  version "0.15.0"
  resolved "https://registry.yarnpkg.com/@opentelemetry/instrumentation-hapi/-/instrumentation-hapi-0.15.0.tgz#b18e712ca7d0e99d89f0450b6f5e135bea37529e"
  integrity sha512-uPhCzCzRZ7XBb2kHPkgSMTcuHSVzYXe0QpmpsAg3NWxGrRvyu1gqgehvlzAEjk7G95raQJ2CMIpUvLeiB7x05w==
  dependencies:
    "@opentelemetry/api" "^0.18.0"
    "@opentelemetry/instrumentation" "^0.18.0"
    "@opentelemetry/semantic-conventions" "^0.18.0"

"@opentelemetry/instrumentation-http@^0.18.0":
  version "0.18.2"
  resolved "https://registry.yarnpkg.com/@opentelemetry/instrumentation-http/-/instrumentation-http-0.18.2.tgz#cc5f15583572bdcb77ac6f3878f10c23a656dc0d"
  integrity sha512-DnwJva3kJ5T7lm3lu/Atvur8Q/vjyz93b50jJZ+vDoVL4vox0sj/Ttd6G39b9TQUUqHivzm7L/V5jgdCKtrR8A==
  dependencies:
    "@opentelemetry/api" "^0.18.1"
    "@opentelemetry/instrumentation" "^0.18.2"
    "@opentelemetry/semantic-conventions" "^0.18.2"
    semver "^7.1.3"

"@opentelemetry/instrumentation@0.18.0":
  version "0.18.0"
  resolved "https://registry.yarnpkg.com/@opentelemetry/instrumentation/-/instrumentation-0.18.0.tgz#b960e83558225ebcbf039c7077e8b46b66a9f31b"
  integrity sha512-YFrCnSWS9jJLChg5I8g7EuvpWqPZGa2EXyO8KwRJApuLPCqJSBkcymYieedWNupS0FAXntocpIb/b0SEVaZbEg==
  dependencies:
    "@opentelemetry/api" "^0.18.0"
    "@opentelemetry/api-metrics" "^0.18.0"
    require-in-the-middle "^5.0.3"
    semver "^7.3.2"
    shimmer "^1.2.1"

"@opentelemetry/instrumentation@^0.18.0", "@opentelemetry/instrumentation@^0.18.2":
  version "0.18.2"
  resolved "https://registry.yarnpkg.com/@opentelemetry/instrumentation/-/instrumentation-0.18.2.tgz#c487180fae6d8ee77e3901ac0eadcbae85f64166"
  integrity sha512-FJ04HuBTrKtLdht5QlZtR/yW++WIptOCDpzm0/IrNU7SPqxvLCaOp5EKzSrz+Hwf8Lhj/dXD/PMrQInY9x+Clw==
  dependencies:
    "@opentelemetry/api" "^0.18.1"
    "@opentelemetry/api-metrics" "^0.18.2"
    require-in-the-middle "^5.0.3"
    semver "^7.3.2"
    shimmer "^1.2.1"

"@opentelemetry/metrics@^0.18.0":
  version "0.18.2"
  resolved "https://registry.yarnpkg.com/@opentelemetry/metrics/-/metrics-0.18.2.tgz#4541f54399ba37bff3573f7ed31074ba8bb41a5b"
  integrity sha512-Fp+1rmey1xMgXAFpBp3C61bnAVPlQFtPBlm7oSSYCsjwqBtDEcaT8EdY/c06Vo6k+aXTuMw1BFNgTHrwDtNGlg==
  dependencies:
    "@opentelemetry/api" "^0.18.1"
    "@opentelemetry/api-metrics" "^0.18.2"
    "@opentelemetry/core" "^0.18.2"
    "@opentelemetry/resources" "^0.18.2"
    lodash.merge "^4.6.2"

"@opentelemetry/node@0.18.0":
  version "0.18.0"
  resolved "https://registry.yarnpkg.com/@opentelemetry/node/-/node-0.18.0.tgz#be8aadecb3a4c627030a9fa805c5e438aed77de0"
  integrity sha512-KjN6O+BvNmBwjQHKpcIRyxebrRuEMUzyS4Y13ZMH684fBMwRTju45aDz7ILCFndGECvbtl8nDY0US7+HCimpXw==
  dependencies:
    "@opentelemetry/api" "^0.18.0"
    "@opentelemetry/context-async-hooks" "^0.18.0"
    "@opentelemetry/core" "^0.18.0"
    "@opentelemetry/tracing" "^0.18.0"
    semver "^7.1.3"

"@opentelemetry/node@^0.18.0":
  version "0.18.2"
  resolved "https://registry.yarnpkg.com/@opentelemetry/node/-/node-0.18.2.tgz#a40fd5537daf0b0755181c09aca93df25e7ba5c4"
  integrity sha512-9cJtXQga3dSdkNcNyhVipxNg2g7fNa2f/lE08a035ZA3NKKIGKaPop/p+Uc5+2gmkZfzKkmkZRn9YVOBRHg/ww==
  dependencies:
    "@opentelemetry/api" "^0.18.1"
    "@opentelemetry/context-async-hooks" "^0.18.2"
    "@opentelemetry/core" "^0.18.2"
    "@opentelemetry/tracing" "^0.18.2"
    semver "^7.1.3"

"@opentelemetry/resource-detector-aws@^0.18.0":
  version "0.18.2"
  resolved "https://registry.yarnpkg.com/@opentelemetry/resource-detector-aws/-/resource-detector-aws-0.18.2.tgz#436e7a9516f3524ade4f15545d6fd5f0d95e1d0d"
  integrity sha512-CKALL31sCjIGnNfjOAQQ+I5Pl7yMlcohu1wH9jSF282N+7r0eYuY0h+9AE0FU5U0DV6xa8hc07x/yYglUyfGXw==
  dependencies:
    "@opentelemetry/api" "^0.18.1"
    "@opentelemetry/core" "^0.18.2"
    "@opentelemetry/resources" "^0.18.2"

"@opentelemetry/resource-detector-gcp@^0.18.0":
  version "0.18.2"
  resolved "https://registry.yarnpkg.com/@opentelemetry/resource-detector-gcp/-/resource-detector-gcp-0.18.2.tgz#0acaa976e425b1de6543162f4d1293fbdebdce7e"
  integrity sha512-dYPq96dMd/COX4P+ZY/ztQYmWkKg0xk1v9tE68hL6LGYeIL4zStk9pHGS6BjRgG/zJxmvjNFF13fiNgaqD0MKw==
  dependencies:
    "@opentelemetry/api" "^0.18.1"
    "@opentelemetry/resources" "^0.18.2"
    gcp-metadata "^4.1.4"
    semver "7.3.5"

"@opentelemetry/resources@^0.18.0", "@opentelemetry/resources@^0.18.2":
  version "0.18.2"
  resolved "https://registry.yarnpkg.com/@opentelemetry/resources/-/resources-0.18.2.tgz#9d671476a53385c5a75c6ef273a609c9f01d8142"
  integrity sha512-EBPqFsreXgFaqkMmWCE8vh6pFhbWExRHSO24qSeGhxFmM5SQP/D1jJqMp/jVUSmrF97fPkMS0aEH5z7NOWdxQA==
  dependencies:
    "@opentelemetry/api" "^0.18.1"
    "@opentelemetry/core" "^0.18.2"

"@opentelemetry/sdk-node@0.18.0":
  version "0.18.0"
  resolved "https://registry.yarnpkg.com/@opentelemetry/sdk-node/-/sdk-node-0.18.0.tgz#8b5e22dd30b688dc8758a38e054d05045fa8c395"
  integrity sha512-2XhqI24sG4nLKg+je1ZqjL3f5gHn1k4EtNG7JLHtn0K1kKLA1AEyMuAC0T/0yZzWTpZ+iO5omZU8x0Ateyd2iQ==
  dependencies:
    "@opentelemetry/api" "^0.18.0"
    "@opentelemetry/api-metrics" "^0.18.0"
    "@opentelemetry/core" "^0.18.0"
    "@opentelemetry/instrumentation" "^0.18.0"
    "@opentelemetry/metrics" "^0.18.0"
    "@opentelemetry/node" "^0.18.0"
    "@opentelemetry/resource-detector-aws" "^0.18.0"
    "@opentelemetry/resource-detector-gcp" "^0.18.0"
    "@opentelemetry/resources" "^0.18.0"
    "@opentelemetry/tracing" "^0.18.0"
    nock "12.0.3"

"@opentelemetry/semantic-conventions@^0.18.0", "@opentelemetry/semantic-conventions@^0.18.2":
  version "0.18.2"
  resolved "https://registry.yarnpkg.com/@opentelemetry/semantic-conventions/-/semantic-conventions-0.18.2.tgz#a0f15d2ef752567713c1f59f69c6742edb03030c"
  integrity sha512-+0P+PrP9qSFVaayNdek4P1OAGE+PEl2SsufuHDRmUpOY25Wzjo7Atyar56Trjc32jkNy4lID6ZFT6BahsR9P9A==

"@opentelemetry/tracing@0.18.0":
  version "0.18.0"
  resolved "https://registry.yarnpkg.com/@opentelemetry/tracing/-/tracing-0.18.0.tgz#2cef96dfcdd02a3763cccfab75ffde094db48fac"
  integrity sha512-k7UAebuHBLPafS8rnkpZqNuM8nfwOg6OCmppekCMxdQzkuZS1attgelqyEIlX6NYh46DndyZ7BxBkiXF4S0Xwg==
  dependencies:
    "@opentelemetry/api" "^0.18.0"
    "@opentelemetry/core" "^0.18.0"
    "@opentelemetry/resources" "^0.18.0"
    "@opentelemetry/semantic-conventions" "^0.18.0"
    lodash.merge "^4.6.2"

"@opentelemetry/tracing@^0.18.0", "@opentelemetry/tracing@^0.18.2":
  version "0.18.2"
  resolved "https://registry.yarnpkg.com/@opentelemetry/tracing/-/tracing-0.18.2.tgz#b247bcd7c68f95000ca20014ce4bd05c3f561b7a"
  integrity sha512-IQSu+NwMhX8O9Wkjc4HjNqs/aKfkcInCE3dQuAOBBec/saLrM6jqd+Fa5QUzg03WMOqpDuZm5KTkr5+6DUrr0g==
  dependencies:
    "@opentelemetry/api" "^0.18.1"
    "@opentelemetry/core" "^0.18.2"
    "@opentelemetry/resources" "^0.18.2"
    "@opentelemetry/semantic-conventions" "^0.18.2"
    lodash.merge "^4.6.2"

"@uptrace/core@^0.18.4":
  version "0.18.4"
  resolved "https://registry.yarnpkg.com/@uptrace/core/-/core-0.18.4.tgz#b539184b8b4ebba10396a2a5c2379a75354b987f"
  integrity sha512-nE5ZbBVepe0piFd5v+jXq+0vh8VOw9rs5q4vJlTDxys1C7EJxNj6e/Vn0ovtq584CpLurMIzNpl35Baw4/YsYQ==
  dependencies:
    "@opentelemetry/api" "0.18.1"
    "@opentelemetry/core" "0.18.0"
    "@opentelemetry/instrumentation" "0.18.0"
    "@opentelemetry/tracing" "0.18.0"
    cross-fetch "^3.1.2"

"@uptrace/node@^0.18.4":
  version "0.18.4"
  resolved "https://registry.yarnpkg.com/@uptrace/node/-/node-0.18.4.tgz#b98bd2aea0c7d0e77e0ff52526e874ba67c6ded2"
  integrity sha512-AsSrig9v7jl+RbU7YutIzpcD5JCjnpYw4v3UYzX8gVSg3W6TVIyjRB3CShH0JqfAS6IVTH13bPIgK+Hl/ZsSow==
  dependencies:
    "@opentelemetry/node" "0.18.0"
    "@opentelemetry/sdk-node" "0.18.0"
    "@uptrace/core" "^0.18.4"

abort-controller@^3.0.0:
  version "3.0.0"
  resolved "https://registry.yarnpkg.com/abort-controller/-/abort-controller-3.0.0.tgz#eaf54d53b62bae4138e809ca225c8439a6efb392"
  integrity sha512-h8lQ8tacZYnR3vNQTgibj+tODHI5/+l06Au2Pcriv/Gmet0eaj4TwWH41sO9wnHDiQsEj19q0drzdWdeAHtweg==
  dependencies:
    event-target-shim "^5.0.0"

agent-base@6:
  version "6.0.2"
  resolved "https://registry.yarnpkg.com/agent-base/-/agent-base-6.0.2.tgz#49fff58577cfee3f37176feab4c22e00f86d7f77"
  integrity sha512-RZNwNclF7+MS/8bDg70amg32dyeZGZxiDuQmZxKLAlQjr3jGyLx+4Kkk58UO7D2QdgFIQCovuSuZESne6RG6XQ==
  dependencies:
    debug "4"

bignumber.js@^9.0.0:
  version "9.0.1"
  resolved "https://registry.yarnpkg.com/bignumber.js/-/bignumber.js-9.0.1.tgz#8d7ba124c882bfd8e43260c67475518d0689e4e5"
  integrity sha512-IdZR9mh6ahOBv/hYGiXyVuyCetmGJhtYkqLBpTStdhEGjegpPlUawydyaF3pbIOFynJTpllEs+NP+CS9jKFLjA==

cross-fetch@^3.1.2:
  version "3.1.4"
  resolved "https://registry.yarnpkg.com/cross-fetch/-/cross-fetch-3.1.4.tgz#9723f3a3a247bf8b89039f3a380a9244e8fa2f39"
  integrity sha512-1eAtFWdIubi6T4XPy6ei9iUFoKpUkIF971QLN8lIvvvwueI65+Nw5haMNKUwfJxabqlIIDODJKGrQ66gxC0PbQ==
  dependencies:
    node-fetch "2.6.1"

debug@4, debug@^4.1.0, debug@^4.1.1:
  version "4.3.1"
  resolved "https://registry.yarnpkg.com/debug/-/debug-4.3.1.tgz#f0d229c505e0c6d8c49ac553d1b13dc183f6b2ee"
  integrity sha512-doEwdvm4PCeK4K3RQN2ZC2BYUBaxwLARCqZmMjtF8a51J2Rb0xpVloFRnCODwqjpwnAoao4pelN8l3RJdv3gRQ==
  dependencies:
    ms "2.1.2"

event-target-shim@^5.0.0:
  version "5.0.1"
  resolved "https://registry.yarnpkg.com/event-target-shim/-/event-target-shim-5.0.1.tgz#5d4d3ebdf9583d63a5333ce2deb7480ab2b05789"
  integrity sha512-i/2XbnSz/uxRCU6+NdVJgKWDTM427+MqYbkQzD321DuCQJUqOuJKIA0IM2+W2xtYHdKOmZ4dR6fExsd4SXL+WQ==

extend@^3.0.2:
  version "3.0.2"
  resolved "https://registry.yarnpkg.com/extend/-/extend-3.0.2.tgz#f8b1136b4071fbd8eb140aff858b1019ec2915fa"
  integrity sha512-fjquC59cD7CyW6urNXK0FBufkZcoiGG80wTuPujX590cB5Ttln20E2UB4S/WARVqhXffZl2LNgS+gQdPIIim/g==

function-bind@^1.1.1:
  version "1.1.1"
  resolved "https://registry.yarnpkg.com/function-bind/-/function-bind-1.1.1.tgz#a56899d3ea3c9bab874bb9773b7c5ede92f4895d"
  integrity sha512-yIovAzMX49sF8Yl58fSCWJ5svSLuaibPxXQJFLmBObTuCr0Mf1KiPopGM9NiFjiYBCbfaa2Fh6breQ6ANVTI0A==

gaxios@^4.0.0:
  version "4.2.0"
  resolved "https://registry.yarnpkg.com/gaxios/-/gaxios-4.2.0.tgz#33bdc4fc241fc33b8915a4b8c07cfb368b932e46"
  integrity sha512-Ms7fNifGv0XVU+6eIyL9LB7RVESeML9+cMvkwGS70xyD6w2Z80wl6RiqiJ9k1KFlJCUTQqFFc8tXmPQfSKUe8g==
  dependencies:
    abort-controller "^3.0.0"
    extend "^3.0.2"
    https-proxy-agent "^5.0.0"
    is-stream "^2.0.0"
    node-fetch "^2.3.0"

gcp-metadata@^4.1.4:
  version "4.2.1"
  resolved "https://registry.yarnpkg.com/gcp-metadata/-/gcp-metadata-4.2.1.tgz#31849fbcf9025ef34c2297c32a89a1e7e9f2cd62"
  integrity sha512-tSk+REe5iq/N+K+SK1XjZJUrFPuDqGZVzCy2vocIHIGmPlTGsa8owXMJwGkrXr73NO0AzhPW4MF2DEHz7P2AVw==
  dependencies:
    gaxios "^4.0.0"
    json-bigint "^1.0.0"

has@^1.0.3:
  version "1.0.3"
  resolved "https://registry.yarnpkg.com/has/-/has-1.0.3.tgz#722d7cbfc1f6aa8241f16dd814e011e1f41e8796"
  integrity sha512-f2dvO0VU6Oej7RkWJGrehjbzMAjFp5/VKPp5tTpWIV4JHHZK1/BxbFRtf/siA2SWTe09caDmVtYYzWEIbBS4zw==
  dependencies:
    function-bind "^1.1.1"

https-proxy-agent@^5.0.0:
  version "5.0.0"
  resolved "https://registry.yarnpkg.com/https-proxy-agent/-/https-proxy-agent-5.0.0.tgz#e2a90542abb68a762e0a0850f6c9edadfd8506b2"
  integrity sha512-EkYm5BcKUGiduxzSt3Eppko+PiNWNEpa4ySk9vTC6wDsQJW9rHSa+UhGNJoRYp7bz6Ht1eaRIa6QaJqO5rCFbA==
  dependencies:
    agent-base "6"
    debug "4"

is-core-module@^2.2.0:
  version "2.2.0"
  resolved "https://registry.yarnpkg.com/is-core-module/-/is-core-module-2.2.0.tgz#97037ef3d52224d85163f5597b2b63d9afed981a"
  integrity sha512-XRAfAdyyY5F5cOXn7hYQDqh2Xmii+DEfIcQGxK/uNwMHhIkPWO0g8msXcbzLe+MpGoR951MlqM/2iIlU4vKDdQ==
  dependencies:
    has "^1.0.3"

is-stream@^2.0.0:
  version "2.0.0"
  resolved "https://registry.yarnpkg.com/is-stream/-/is-stream-2.0.0.tgz#bde9c32680d6fae04129d6ac9d921ce7815f78e3"
  integrity sha512-XCoy+WlUr7d1+Z8GgSuXmpuUFC9fOhRXglJMx+dwLKTkL44Cjd4W1Z5P+BQZpr+cR93aGP4S/s7Ftw6Nd/kiEw==

json-bigint@^1.0.0:
  version "1.0.0"
  resolved "https://registry.yarnpkg.com/json-bigint/-/json-bigint-1.0.0.tgz#ae547823ac0cad8398667f8cd9ef4730f5b01ff1"
  integrity sha512-SiPv/8VpZuWbvLSMtTDU8hEfrZWg/mH/nV/b4o0CYbSxu1UIQPLdwKOCIyLQX+VIPO5vrLX3i8qtqFyhdPSUSQ==
  dependencies:
    bignumber.js "^9.0.0"

json-stringify-safe@^5.0.1:
  version "5.0.1"
  resolved "https://registry.yarnpkg.com/json-stringify-safe/-/json-stringify-safe-5.0.1.tgz#1296a2d58fd45f19a0f6ce01d65701e2c735b6eb"
  integrity sha1-Epai1Y/UXxmg9s4B1lcB4sc1tus=

lodash.merge@^4.6.2:
  version "4.6.2"
  resolved "https://registry.yarnpkg.com/lodash.merge/-/lodash.merge-4.6.2.tgz#558aa53b43b661e1925a0afdfa36a9a1085fe57a"
  integrity sha512-0KpjqXRVvrYyCsX1swR/XTK0va6VQkQM6MNo7PqW77ByjAhoARA8EfrP1N4+KlKj8YS0ZUCtRT/YUuhyYDujIQ==

lodash@^4.17.13:
  version "4.17.21"
  resolved "https://registry.yarnpkg.com/lodash/-/lodash-4.17.21.tgz#679591c564c3bffaae8454cf0b3df370c3d6911c"
  integrity sha512-v2kDEe57lecTulaDIuNTPy3Ry4gLGJ6Z1O3vE1krgXZNrsQ+LFTGHVxVjcXPs17LhbZVGedAJv8XZ1tvj5FvSg==

lru-cache@^6.0.0:
  version "6.0.0"
  resolved "https://registry.yarnpkg.com/lru-cache/-/lru-cache-6.0.0.tgz#6d6fe6570ebd96aaf90fcad1dafa3b2566db3a94"
  integrity sha512-Jo6dJ04CmSjuznwJSS3pUeWmd/H0ffTlkXXgwZi+eq1UCmqQwCh+eLsYOYCwY991i2Fah4h1BEMCx4qThGbsiA==
  dependencies:
    yallist "^4.0.0"

mime-db@1.x.x:
  version "1.47.0"
  resolved "https://registry.yarnpkg.com/mime-db/-/mime-db-1.47.0.tgz#8cb313e59965d3c05cfbf898915a267af46a335c"
  integrity sha512-QBmA/G2y+IfeS4oktet3qRZ+P5kPhCKRXxXnQEudYqUaEioAU1/Lq2us3D/t1Jfo4hE9REQPrbB7K5sOczJVIw==

module-details-from-path@^1.0.3:
  version "1.0.3"
  resolved "https://registry.yarnpkg.com/module-details-from-path/-/module-details-from-path-1.0.3.tgz#114c949673e2a8a35e9d35788527aa37b679da2b"
  integrity sha1-EUyUlnPiqKNenTV4hSeqN7Z52is=

ms@2.1.2:
  version "2.1.2"
  resolved "https://registry.yarnpkg.com/ms/-/ms-2.1.2.tgz#d09d1f357b443f493382a8eb3ccd183872ae6009"
  integrity sha512-sGkPx+VjMtmA6MX27oA4FBFELFCZZ4S4XqeGOXCv68tT+jb3vk/RyaKWP0PTKyWtmLSM0b+adUTEvbs1PEaH2w==

nock@12.0.3:
  version "12.0.3"
  resolved "https://registry.yarnpkg.com/nock/-/nock-12.0.3.tgz#83f25076dbc4c9aa82b5cdf54c9604c7a778d1c9"
  integrity sha512-QNb/j8kbFnKCiyqi9C5DD0jH/FubFGj5rt9NQFONXwQm3IPB0CULECg/eS3AU1KgZb/6SwUa4/DTRKhVxkGABw==
  dependencies:
    debug "^4.1.0"
    json-stringify-safe "^5.0.1"
    lodash "^4.17.13"
    propagate "^2.0.0"

node-fetch@2.6.1, node-fetch@^2.3.0:
  version "2.6.1"
  resolved "https://registry.yarnpkg.com/node-fetch/-/node-fetch-2.6.1.tgz#045bd323631f76ed2e2b55573394416b639a0052"
  integrity sha512-V4aYg89jEoVRxRb2fJdAg8FHvI7cEyYdVAh94HH0UIK8oJxUfkjlDQN9RbMx+bEjP7+ggMiFRprSti032Oipxw==

path-parse@^1.0.6:
  version "1.0.6"
  resolved "https://registry.yarnpkg.com/path-parse/-/path-parse-1.0.6.tgz#d62dbb5679405d72c4737ec58600e9ddcf06d24c"
  integrity sha512-GSmOT2EbHrINBf9SR7CDELwlJ8AENk3Qn7OikK4nFYAu3Ote2+JYNVvkpAEQm3/TLNEJFD/xZJjzyxg3KBWOzw==

propagate@^2.0.0:
  version "2.0.1"
  resolved "https://registry.yarnpkg.com/propagate/-/propagate-2.0.1.tgz#40cdedab18085c792334e64f0ac17256d38f9a45"
  integrity sha512-vGrhOavPSTz4QVNuBNdcNXePNdNMaO1xj9yBeH1ScQPjk/rhg9sSlCXPhMkFuaNNW/syTvYqsnbIJxMBfRbbag==

require-in-the-middle@^5.0.3:
  version "5.1.0"
  resolved "https://registry.yarnpkg.com/require-in-the-middle/-/require-in-the-middle-5.1.0.tgz#b768f800377b47526d026bbf5a7f727f16eb412f"
  integrity sha512-M2rLKVupQfJ5lf9OvqFGIT+9iVLnTmjgbOmpil12hiSQNn5zJTKGPoIisETNjfK+09vP3rpm1zJajmErpr2sEQ==
  dependencies:
    debug "^4.1.1"
    module-details-from-path "^1.0.3"
    resolve "^1.12.0"

resolve@^1.12.0:
  version "1.20.0"
  resolved "https://registry.yarnpkg.com/resolve/-/resolve-1.20.0.tgz#629a013fb3f70755d6f0b7935cc1c2c5378b1975"
  integrity sha512-wENBPt4ySzg4ybFQW2TT1zMQucPK95HSh/nq2CFTZVOGut2+pQvSsgtda4d26YrYcr067wjbmzOG8byDPBX63A==
  dependencies:
    is-core-module "^2.2.0"
    path-parse "^1.0.6"

semver@7.3.5, semver@^7.1.3, semver@^7.3.2:
  version "7.3.5"
  resolved "https://registry.yarnpkg.com/semver/-/semver-7.3.5.tgz#0b621c879348d8998e4b0e4be94b3f12e6018ef7"
  integrity sha512-PoeGJYh8HK4BTO/a9Tf6ZG3veo/A7ZVsYrSA6J8ny9nb3B1VrpkuN+z9OE5wfE5p6H4LchYZsegiQgbJD94ZFQ==
  dependencies:
    lru-cache "^6.0.0"

shimmer@^1.2.1:
  version "1.2.1"
  resolved "https://registry.yarnpkg.com/shimmer/-/shimmer-1.2.1.tgz#610859f7de327b587efebf501fb43117f9aff337"
  integrity sha512-sQTKC1Re/rM6XyFM6fIAGHRPVGvyXfgzIDvzoq608vM+jeyVD0Tu1E6Np0Kc2zAIFWIj963V2800iF/9LPieQw==

yallist@^4.0.0:
  version "4.0.0"
  resolved "https://registry.yarnpkg.com/yallist/-/yallist-4.0.0.tgz#9bb92790d9c0effec63be73519e11a35019a3a72"
  integrity sha512-3wdGidZyq5PB084XLES5TpOSRA3wjXAlIWMhum2kRcv/41Sn2emQ0dycQW4uZXLejwKvg6EsvbdlVL+FYEct7A==
