# THIS IS AN AUTOGENERATED FILE. DO NOT EDIT THIS FILE DIRECTLY.
# yarn lockfile v1


"@hapi/accept@^5.0.1":
  version "5.0.2"
  resolved "https://registry.yarnpkg.com/@hapi/accept/-/accept-5.0.2.tgz#ab7043b037e68b722f93f376afb05e85c0699523"
  integrity sha512-CmzBx/bXUR8451fnZRuZAJRlzgm0Jgu5dltTX/bszmR2lheb9BpyN47Q1RbaGTsvFzn0PXAEs+lXDKfshccYZw==
  dependencies:
    "@hapi/boom" "9.x.x"
    "@hapi/hoek" "9.x.x"

"@hapi/ammo@^5.0.1":
  version "5.0.1"
  resolved "https://registry.yarnpkg.com/@hapi/ammo/-/ammo-5.0.1.tgz#9d34560f5c214eda563d838c01297387efaab490"
  integrity sha512-FbCNwcTbnQP4VYYhLNGZmA76xb2aHg9AMPiy18NZyWMG310P5KdFGyA9v2rm5ujrIny77dEEIkMOwl0Xv+fSSA==
  dependencies:
    "@hapi/hoek" "9.x.x"

"@hapi/b64@5.x.x":
  version "5.0.0"
  resolved "https://registry.yarnpkg.com/@hapi/b64/-/b64-5.0.0.tgz#b8210cbd72f4774985e78569b77e97498d24277d"
  integrity sha512-ngu0tSEmrezoiIaNGG6rRvKOUkUuDdf4XTPnONHGYfSGRmDqPZX5oJL6HAdKTo1UQHECbdB4OzhWrfgVppjHUw==
  dependencies:
    "@hapi/hoek" "9.x.x"

"@hapi/boom@9.x.x", "@hapi/boom@^9.0.0", "@hapi/boom@^9.1.0":
  version "9.1.2"
  resolved "https://registry.yarnpkg.com/@hapi/boom/-/boom-9.1.2.tgz#48bd41d67437164a2d636e3b5bc954f8c8dc5e38"
  integrity sha512-uJEJtiNHzKw80JpngDGBCGAmWjBtzxDCz17A9NO2zCi8LLBlb5Frpq4pXwyN+2JQMod4pKz5BALwyneCgDg89Q==
  dependencies:
    "@hapi/hoek" "9.x.x"

"@hapi/bounce@2.x.x", "@hapi/bounce@^2.0.0":
  version "2.0.0"
  resolved "https://registry.yarnpkg.com/@hapi/bounce/-/bounce-2.0.0.tgz#e6ef56991c366b1e2738b2cd83b01354d938cf3d"
  integrity sha512-JesW92uyzOOyuzJKjoLHM1ThiOvHPOLDHw01YV8yh5nCso7sDwJho1h0Ad2N+E62bZyz46TG3xhAi/78Gsct6A==
  dependencies:
    "@hapi/boom" "9.x.x"
    "@hapi/hoek" "9.x.x"

"@hapi/bourne@2.x.x":
  version "2.0.0"
  resolved "https://registry.yarnpkg.com/@hapi/bourne/-/bourne-2.0.0.tgz#5bb2193eb685c0007540ca61d166d4e1edaf918d"
  integrity sha512-WEezM1FWztfbzqIUbsDzFRVMxSoLy3HugVcux6KDDtTqzPsLE8NDRHfXvev66aH1i2oOKKar3/XDjbvh/OUBdg==

"@hapi/call@^8.0.0":
  version "8.0.1"
  resolved "https://registry.yarnpkg.com/@hapi/call/-/call-8.0.1.tgz#9e64cd8ba6128eb5be6e432caaa572b1ed8cd7c0"
  integrity sha512-bOff6GTdOnoe5b8oXRV3lwkQSb/LAWylvDMae6RgEWWntd0SHtkYbQukDHKlfaYtVnSAgIavJ0kqszF/AIBb6g==
  dependencies:
    "@hapi/boom" "9.x.x"
    "@hapi/hoek" "9.x.x"

"@hapi/catbox-memory@^5.0.0":
  version "5.0.1"
  resolved "https://registry.yarnpkg.com/@hapi/catbox-memory/-/catbox-memory-5.0.1.tgz#cb63fca0ded01d445a2573b38eb2688df67f70ac"
  integrity sha512-QWw9nOYJq5PlvChLWV8i6hQHJYfvdqiXdvTupJFh0eqLZ64Xir7mKNi96d5/ZMUAqXPursfNDIDxjFgoEDUqeQ==
  dependencies:
    "@hapi/boom" "9.x.x"
    "@hapi/hoek" "9.x.x"

"@hapi/catbox@^11.1.1":
  version "11.1.1"
  resolved "https://registry.yarnpkg.com/@hapi/catbox/-/catbox-11.1.1.tgz#d277e2d5023fd69cddb33d05b224ea03065fec0c"
  integrity sha512-u/8HvB7dD/6X8hsZIpskSDo4yMKpHxFd7NluoylhGrL6cUfYxdQPnvUp9YU2C6F9hsyBVLGulBd9vBN1ebfXOQ==
  dependencies:
    "@hapi/boom" "9.x.x"
    "@hapi/hoek" "9.x.x"
    "@hapi/podium" "4.x.x"
    "@hapi/validate" "1.x.x"

"@hapi/content@^5.0.2":
  version "5.0.2"
  resolved "https://registry.yarnpkg.com/@hapi/content/-/content-5.0.2.tgz#ae57954761de570392763e64cdd75f074176a804"
  integrity sha512-mre4dl1ygd4ZyOH3tiYBrOUBzV7Pu/EOs8VLGf58vtOEECWed8Uuw6B4iR9AN/8uQt42tB04qpVaMyoMQh0oMw==
  dependencies:
    "@hapi/boom" "9.x.x"

"@hapi/cryptiles@5.x.x":
  version "5.1.0"
  resolved "https://registry.yarnpkg.com/@hapi/cryptiles/-/cryptiles-5.1.0.tgz#655de4cbbc052c947f696148c83b187fc2be8f43"
  integrity sha512-fo9+d1Ba5/FIoMySfMqPBR/7Pa29J2RsiPrl7bkwo5W5o+AN1dAYQRi4SPrPwwVxVGKjgLOEWrsvt1BonJSfLA==
  dependencies:
    "@hapi/boom" "9.x.x"

"@hapi/file@2.x.x":
  version "2.0.0"
  resolved "https://registry.yarnpkg.com/@hapi/file/-/file-2.0.0.tgz#2ecda37d1ae9d3078a67c13b7da86e8c3237dfb9"
  integrity sha512-WSrlgpvEqgPWkI18kkGELEZfXr0bYLtr16iIN4Krh9sRnzBZN6nnWxHFxtsnP684wueEySBbXPDg/WfA9xJdBQ==

"@hapi/hapi@20.1.3":
  version "20.1.3"
  resolved "https://registry.yarnpkg.com/@hapi/hapi/-/hapi-20.1.3.tgz#f4d000e429769d61df59c39cc66dfa252192eff6"
  integrity sha512-ImOkrixD1kPUuvmSklwytPQ0sG8AtqydwU0JzvITLE6Z7wPMVf9i9LIMWywKPxHTNhCZ6W3oKP9yRjqM/IkHMQ==
  dependencies:
    "@hapi/accept" "^5.0.1"
    "@hapi/ammo" "^5.0.1"
    "@hapi/boom" "^9.1.0"
    "@hapi/bounce" "^2.0.0"
    "@hapi/call" "^8.0.0"
    "@hapi/catbox" "^11.1.1"
    "@hapi/catbox-memory" "^5.0.0"
    "@hapi/heavy" "^7.0.1"
    "@hapi/hoek" "^9.0.4"
    "@hapi/mimos" "^6.0.0"
    "@hapi/podium" "^4.1.1"
    "@hapi/shot" "^5.0.5"
    "@hapi/somever" "^3.0.0"
    "@hapi/statehood" "^7.0.3"
    "@hapi/subtext" "^7.0.3"
    "@hapi/teamwork" "^5.1.0"
    "@hapi/topo" "^5.0.0"
    "@hapi/validate" "^1.1.1"

"@hapi/heavy@^7.0.1":
  version "7.0.1"
  resolved "https://registry.yarnpkg.com/@hapi/heavy/-/heavy-7.0.1.tgz#73315ae33b6e7682a0906b7a11e8ca70e3045874"
  integrity sha512-vJ/vzRQ13MtRzz6Qd4zRHWS3FaUc/5uivV2TIuExGTM9Qk+7Zzqj0e2G7EpE6KztO9SalTbiIkTh7qFKj/33cA==
  dependencies:
    "@hapi/boom" "9.x.x"
    "@hapi/hoek" "9.x.x"
    "@hapi/validate" "1.x.x"

"@hapi/hoek@9.x.x", "@hapi/hoek@^9.0.0", "@hapi/hoek@^9.0.4":
  version "9.2.0"
  resolved "https://registry.yarnpkg.com/@hapi/hoek/-/hoek-9.2.0.tgz#f3933a44e365864f4dad5db94158106d511e8131"
  integrity sha512-sqKVVVOe5ivCaXDWivIJYVSaEgdQK9ul7a4Kity5Iw7u9+wBAPbX1RMSnLLmp7O4Vzj0WOWwMAJsTL00xwaNug==

"@hapi/iron@6.x.x", "@hapi/iron@^6.0.0":
  version "6.0.0"
  resolved "https://registry.yarnpkg.com/@hapi/iron/-/iron-6.0.0.tgz#ca3f9136cda655bdd6028de0045da0de3d14436f"
  integrity sha512-zvGvWDufiTGpTJPG1Y/McN8UqWBu0k/xs/7l++HVU535NLHXsHhy54cfEMdW7EjwKfbBfM9Xy25FmTiobb7Hvw==
  dependencies:
    "@hapi/b64" "5.x.x"
    "@hapi/boom" "9.x.x"
    "@hapi/bourne" "2.x.x"
    "@hapi/cryptiles" "5.x.x"
    "@hapi/hoek" "9.x.x"

"@hapi/mimos@^6.0.0":
  version "6.0.0"
  resolved "https://registry.yarnpkg.com/@hapi/mimos/-/mimos-6.0.0.tgz#daa523d9c07222c7e8860cb7c9c5501fd6506484"
  integrity sha512-Op/67tr1I+JafN3R3XN5DucVSxKRT/Tc+tUszDwENoNpolxeXkhrJ2Czt6B6AAqrespHoivhgZBWYSuANN9QXg==
  dependencies:
    "@hapi/hoek" "9.x.x"
    mime-db "1.x.x"

"@hapi/nigel@4.x.x":
  version "4.0.2"
  resolved "https://registry.yarnpkg.com/@hapi/nigel/-/nigel-4.0.2.tgz#8f84ef4bca4fb03b2376463578f253b0b8e863c4"
  integrity sha512-ht2KoEsDW22BxQOEkLEJaqfpoKPXxi7tvabXy7B/77eFtOyG5ZEstfZwxHQcqAiZhp58Ae5vkhEqI03kawkYNw==
  dependencies:
    "@hapi/hoek" "^9.0.4"
    "@hapi/vise" "^4.0.0"

"@hapi/pez@^5.0.1":
  version "5.0.3"
  resolved "https://registry.yarnpkg.com/@hapi/pez/-/pez-5.0.3.tgz#b75446e6fef8cbb16816573ab7da1b0522e7a2a1"
  integrity sha512-mpikYRJjtrbJgdDHG/H9ySqYqwJ+QU/D7FXsYciS9P7NYBXE2ayKDAy3H0ou6CohOCaxPuTV4SZ0D936+VomHA==
  dependencies:
    "@hapi/b64" "5.x.x"
    "@hapi/boom" "9.x.x"
    "@hapi/content" "^5.0.2"
    "@hapi/hoek" "9.x.x"
    "@hapi/nigel" "4.x.x"

"@hapi/podium@4.x.x", "@hapi/podium@^4.1.1", "@hapi/podium@^4.1.3":
  version "4.1.3"
  resolved "https://registry.yarnpkg.com/@hapi/podium/-/podium-4.1.3.tgz#91e20838fc2b5437f511d664aabebbb393578a26"
  integrity sha512-ljsKGQzLkFqnQxE7qeanvgGj4dejnciErYd30dbrYzUOF/FyS/DOF97qcrT3bhoVwCYmxa6PEMhxfCPlnUcD2g==
  dependencies:
    "@hapi/hoek" "9.x.x"
    "@hapi/teamwork" "5.x.x"
    "@hapi/validate" "1.x.x"

"@hapi/shot@^5.0.5":
  version "5.0.5"
  resolved "https://registry.yarnpkg.com/@hapi/shot/-/shot-5.0.5.tgz#a25c23d18973bec93c7969c51bf9579632a5bebd"
  integrity sha512-x5AMSZ5+j+Paa8KdfCoKh+klB78otxF+vcJR/IoN91Vo2e5ulXIW6HUsFTCU+4W6P/Etaip9nmdAx2zWDimB2A==
  dependencies:
    "@hapi/hoek" "9.x.x"
    "@hapi/validate" "1.x.x"

"@hapi/somever@^3.0.0":
  version "3.0.1"
  resolved "https://registry.yarnpkg.com/@hapi/somever/-/somever-3.0.1.tgz#9961cd5bdbeb5bb1edc0b2acdd0bb424066aadcc"
  integrity sha512-4ZTSN3YAHtgpY/M4GOtHUXgi6uZtG9nEZfNI6QrArhK0XN/RDVgijlb9kOmXwCR5VclDSkBul9FBvhSuKXx9+w==
  dependencies:
    "@hapi/bounce" "2.x.x"
    "@hapi/hoek" "9.x.x"

"@hapi/statehood@^7.0.3":
  version "7.0.3"
  resolved "https://registry.yarnpkg.com/@hapi/statehood/-/statehood-7.0.3.tgz#655166f3768344ed3c3b50375a303cdeca8040d9"
  integrity sha512-pYB+pyCHkf2Amh67QAXz7e/DN9jcMplIL7Z6N8h0K+ZTy0b404JKPEYkbWHSnDtxLjJB/OtgElxocr2fMH4G7w==
  dependencies:
    "@hapi/boom" "9.x.x"
    "@hapi/bounce" "2.x.x"
    "@hapi/bourne" "2.x.x"
    "@hapi/cryptiles" "5.x.x"
    "@hapi/hoek" "9.x.x"
    "@hapi/iron" "6.x.x"
    "@hapi/validate" "1.x.x"

"@hapi/subtext@^7.0.3":
  version "7.0.3"
  resolved "https://registry.yarnpkg.com/@hapi/subtext/-/subtext-7.0.3.tgz#f7440fc7c966858e1f39681e99eb6171c71e7abd"
  integrity sha512-CekDizZkDGERJ01C0+TzHlKtqdXZxzSWTOaH6THBrbOHnsr3GY+yiMZC+AfNCypfE17RaIakGIAbpL2Tk1z2+A==
  dependencies:
    "@hapi/boom" "9.x.x"
    "@hapi/bourne" "2.x.x"
    "@hapi/content" "^5.0.2"
    "@hapi/file" "2.x.x"
    "@hapi/hoek" "9.x.x"
    "@hapi/pez" "^5.0.1"
    "@hapi/wreck" "17.x.x"

"@hapi/teamwork@5.x.x", "@hapi/teamwork@^5.1.0":
  version "5.1.0"
  resolved "https://registry.yarnpkg.com/@hapi/teamwork/-/teamwork-5.1.0.tgz#7801a61fc727f702fd2196ef7625eb4e389f4124"
  integrity sha512-llqoQTrAJDTXxG3c4Kz/uzhBS1TsmSBa/XG5SPcVXgmffHE1nFtyLIK0hNJHCB3EuBKT84adzd1hZNY9GJLWtg==

"@hapi/topo@^5.0.0":
  version "5.0.0"
  resolved "https://registry.yarnpkg.com/@hapi/topo/-/topo-5.0.0.tgz#c19af8577fa393a06e9c77b60995af959be721e7"
  integrity sha512-tFJlT47db0kMqVm3H4nQYgn6Pwg10GTZHb1pwmSiv1K4ks6drQOtfEF5ZnPjkvC+y4/bUPHK+bc87QvLcL+WMw==
  dependencies:
    "@hapi/hoek" "^9.0.0"

"@hapi/validate@1.x.x", "@hapi/validate@^1.1.1":
  version "1.1.3"
  resolved "https://registry.yarnpkg.com/@hapi/validate/-/validate-1.1.3.tgz#f750a07283929e09b51aa16be34affb44e1931ad"
  integrity sha512-/XMR0N0wjw0Twzq2pQOzPBZlDzkekGcoCtzO314BpIEsbXdYGthQUbxgkGDf4nhk1+IPDAsXqWjMohRQYO06UA==
  dependencies:
    "@hapi/hoek" "^9.0.0"
    "@hapi/topo" "^5.0.0"

"@hapi/vise@^4.0.0":
  version "4.0.0"
  resolved "https://registry.yarnpkg.com/@hapi/vise/-/vise-4.0.0.tgz#c6a94fe121b94a53bf99e7489f7fcc74c104db02"
  integrity sha512-eYyLkuUiFZTer59h+SGy7hUm+qE9p+UemePTHLlIWppEd+wExn3Df5jO04bFQTm7nleF5V8CtuYQYb+VFpZ6Sg==
  dependencies:
    "@hapi/hoek" "9.x.x"

"@hapi/wreck@17.x.x":
  version "17.1.0"
  resolved "https://registry.yarnpkg.com/@hapi/wreck/-/wreck-17.1.0.tgz#fbdc380c6f3fa1f8052dc612b2d3b6ce3e88dbec"
  integrity sha512-nx6sFyfqOpJ+EFrHX+XWwJAxs3ju4iHdbB/bwR8yTNZOiYmuhA8eCe7lYPtYmb4j7vyK/SlbaQsmTtUrMvPEBw==
  dependencies:
    "@hapi/boom" "9.x.x"
    "@hapi/bourne" "2.x.x"
    "@hapi/hoek" "9.x.x"

"@opentelemetry/api-metrics@0.20.0":
  version "0.20.0"
  resolved "https://registry.yarnpkg.com/@opentelemetry/api-metrics/-/api-metrics-0.20.0.tgz#5c332cadfacd1fa966318292ba8dbb542f5ead57"
  integrity sha512-S/OeOuk5W8nlv2dp4JQmIzZvafpOKhEb4j9gWdWQaM0+U+Cv+yQlboeTQHFcpj5obwJ7AzTHrwnL6ApV8dtmuw==

"@opentelemetry/api@0.20.0", "@opentelemetry/api@^0.20.0":
  version "0.20.0"
  resolved "https://registry.yarnpkg.com/@opentelemetry/api/-/api-0.20.0.tgz#d4e26d30dc0c5da697d1ff51434ad8f0cf30e565"
  integrity sha512-n06MtDYEc2H07S/NTvGMlxF2Ijp0YbNrI/rBgLcxpEh3hxOkPZA12gxlUoZkBHWCZYau2j3b/uL+QFpiQKOjSw==

"@opentelemetry/context-async-hooks@0.20.0":
  version "0.20.0"
  resolved "https://registry.yarnpkg.com/@opentelemetry/context-async-hooks/-/context-async-hooks-0.20.0.tgz#44c457eb2359ff3086bb8fc5d306b2efd91921d9"
  integrity sha512-4cuTIPpufWRDdShtvT0c30/jHfO9eXzUh6tU087J8aO8J/hckyCIlN03eB7pfqPwQzLnWONGdHOpGjLSY7q4tg==

"@opentelemetry/core@0.20.0":
  version "0.20.0"
  resolved "https://registry.yarnpkg.com/@opentelemetry/core/-/core-0.20.0.tgz#2fc9619fa225c7ea7a6169ac578f89c9894b5900"
  integrity sha512-09zQqB4vp2jcyBnglA/TFklDQoVgWrFKtr9pDm0q3Oa1bD2Hwpq+JapBAw18YdMQsLNQM/qsXhFlS3gFDVEy4A==
  dependencies:
    "@opentelemetry/semantic-conventions" "0.20.0"
    semver "^7.1.3"

"@opentelemetry/instrumentation-hapi@0.20.0":
  version "0.20.0"
  resolved "https://registry.yarnpkg.com/@opentelemetry/instrumentation-hapi/-/instrumentation-hapi-0.20.0.tgz#71a8f2a7c55be3475d740efcdf15d395ab1ba891"
  integrity sha512-Qbd+zgEDPhx5/JP2wTZvICGK2OeD9Qk/yDDZf2Hpq6/dod5YM+ywa5jxDsLhOIqrQFSJvdhNf3h5at2kdkZSUg==
  dependencies:
    "@opentelemetry/api" "^0.20.0"
    "@opentelemetry/instrumentation" "^0.20.0"
    "@opentelemetry/semantic-conventions" "^0.20.0"
    "@types/hapi__hapi" "20.0.8"

"@opentelemetry/instrumentation-http@0.20.0":
  version "0.20.0"
  resolved "https://registry.yarnpkg.com/@opentelemetry/instrumentation-http/-/instrumentation-http-0.20.0.tgz#97af7e4fde374f8ec83a0dec1ce39a71d449f6d9"
  integrity sha512-e0eP/vnJ0ZfCQwv66Bybpg33+3jwn6FAaPoPsvireQgyVlr8Ohb+Hb93G2W/q8OVa25Q8vz6iQOAOy2DszZ9SA==
  dependencies:
    "@opentelemetry/core" "0.20.0"
    "@opentelemetry/instrumentation" "0.20.0"
    "@opentelemetry/semantic-conventions" "0.20.0"
    semver "^7.1.3"

"@opentelemetry/instrumentation@0.20.0", "@opentelemetry/instrumentation@^0.20.0":
  version "0.20.0"
  resolved "https://registry.yarnpkg.com/@opentelemetry/instrumentation/-/instrumentation-0.20.0.tgz#f0c44a79d00a1dc515b037e31e813f4458d72029"
  integrity sha512-Ts8Xzo95oS6DVusYKHogr0ZiG/dQg2eBgWX6POOPv9uTk47Q1Z6TcN29/eC6BG+aH+eNHpdMey166hzpX86euw==
  dependencies:
    "@opentelemetry/api-metrics" "0.20.0"
    require-in-the-middle "^5.0.3"
    semver "^7.3.2"
    shimmer "^1.2.1"

"@opentelemetry/metrics@0.20.0":
  version "0.20.0"
  resolved "https://registry.yarnpkg.com/@opentelemetry/metrics/-/metrics-0.20.0.tgz#9f8b2652929a830513dc6949e2471f325c1e8dbd"
  integrity sha512-1jqtRvI+AdRIG+Up8njOgooOxa570uoWTKgokanllcCRp2gOOnkgLQ8YQhbArX0F4Xi2FHYe7o5vDO3J0Aj5kA==
  dependencies:
    "@opentelemetry/api-metrics" "0.20.0"
    "@opentelemetry/core" "0.20.0"
    "@opentelemetry/resources" "0.20.0"
    lodash.merge "^4.6.2"

"@opentelemetry/node@0.20.0":
  version "0.20.0"
  resolved "https://registry.yarnpkg.com/@opentelemetry/node/-/node-0.20.0.tgz#7d4594deb87f0c0133d4b97b78a5678a6f8554cf"
  integrity sha512-MVwnH/AoHQTz1jOhJTYXoAoQD4CA/3L7QQkiiA93f6QGaWKIHjI/+3fUtA/GCfPR9Kf0sItQ/aag8KtCJClPCw==
  dependencies:
    "@opentelemetry/context-async-hooks" "0.20.0"
    "@opentelemetry/core" "0.20.0"
    "@opentelemetry/propagator-b3" "0.20.0"
    "@opentelemetry/propagator-jaeger" "0.20.0"
    "@opentelemetry/tracing" "0.20.0"
    semver "^7.1.3"

"@opentelemetry/propagator-b3@0.20.0":
  version "0.20.0"
  resolved "https://registry.yarnpkg.com/@opentelemetry/propagator-b3/-/propagator-b3-0.20.0.tgz#78944a0527675c856b4f369dbfdd48d5272a434e"
  integrity sha512-TGI2D45oUVlbXVEWDedqxwO0WUtzchN/tuYghEHjRTNcVLLKT2ci9JwzHormC+ls98SYPDfvuzpB0+ParoexPQ==
  dependencies:
    "@opentelemetry/core" "0.20.0"

"@opentelemetry/propagator-jaeger@0.20.0":
  version "0.20.0"
  resolved "https://registry.yarnpkg.com/@opentelemetry/propagator-jaeger/-/propagator-jaeger-0.20.0.tgz#35fc5e0bfde1bef6afc0307f88a4b22135bc5c14"
  integrity sha512-6kdnd1ePADx4XDaFw4Ea47fdIZohhJbd30Fc4yvl0DO+RR5WEAiAho0IsoTj6L/qvOb/+LAfvjvdk2UOXgb/3Q==
  dependencies:
    "@opentelemetry/core" "0.20.0"

"@opentelemetry/resource-detector-aws@0.20.0":
  version "0.20.0"
  resolved "https://registry.yarnpkg.com/@opentelemetry/resource-detector-aws/-/resource-detector-aws-0.20.0.tgz#b36e951da6bcc31067b46a81e2aeba2a29e659e2"
  integrity sha512-Mtrxx9Uf9C1RiZrnajiscJJZI9hka4kio4Aes7MZ9EPo0C+92oPVN/sn4Wlr4eVLa5oE3gOgulSPAAQWb0G7kg==
  dependencies:
    "@opentelemetry/core" "0.20.0"
    "@opentelemetry/resources" "0.20.0"
    "@opentelemetry/semantic-conventions" "0.20.0"

"@opentelemetry/resource-detector-gcp@0.20.0":
  version "0.20.0"
  resolved "https://registry.yarnpkg.com/@opentelemetry/resource-detector-gcp/-/resource-detector-gcp-0.20.0.tgz#968556e3933c793c7669f2843259f5c9171a40da"
  integrity sha512-+vD25qCtnChNgd1HeQFgm3olTOYqchwogszyWS//6KaM2If3SIs+5pWi4Gll8fHzGPaV5Qa2RFPPhKXrEhD3cw==
  dependencies:
    "@opentelemetry/resources" "0.20.0"
    "@opentelemetry/semantic-conventions" "0.20.0"
    gcp-metadata "^4.1.4"
    semver "7.3.5"

"@opentelemetry/resources@0.20.0":
  version "0.20.0"
  resolved "https://registry.yarnpkg.com/@opentelemetry/resources/-/resources-0.20.0.tgz#038d985c610600cde146ee1e95b6a124f3ad4754"
  integrity sha512-nnd3vIM+A9ih6kOVBc2CF5NkTYmdNci5aQ+A5lQjf3HqjEptcGubpg1J1Q84LSFVoITvuH2O6+GhPBrdxYBt8g==
  dependencies:
    "@opentelemetry/core" "0.20.0"
    "@opentelemetry/semantic-conventions" "0.20.0"

"@opentelemetry/sdk-node@0.20.0":
  version "0.20.0"
  resolved "https://registry.yarnpkg.com/@opentelemetry/sdk-node/-/sdk-node-0.20.0.tgz#25a2da2f3e19f624d453f9d28b61603ef10b85a0"
  integrity sha512-jSG9Bshsjx4hGXR9lb6XwVWhpPaj0yKqlca/0k6BxXVTmCLpAz9mmVarbzLGUvzvTPu5LtUriqcL2f4iRMvKAA==
  dependencies:
    "@opentelemetry/api-metrics" "0.20.0"
    "@opentelemetry/core" "0.20.0"
    "@opentelemetry/instrumentation" "0.20.0"
    "@opentelemetry/metrics" "0.20.0"
    "@opentelemetry/node" "0.20.0"
    "@opentelemetry/resource-detector-aws" "0.20.0"
    "@opentelemetry/resource-detector-gcp" "0.20.0"
    "@opentelemetry/resources" "0.20.0"
    "@opentelemetry/tracing" "0.20.0"

"@opentelemetry/semantic-conventions@0.20.0", "@opentelemetry/semantic-conventions@^0.20.0":
  version "0.20.0"
  resolved "https://registry.yarnpkg.com/@opentelemetry/semantic-conventions/-/semantic-conventions-0.20.0.tgz#adc7e391bba6db9bbaba04ae263c3e92b1703d44"
  integrity sha512-x40C3vQMttFlnNEfhFwO49jHrY6AoWnntL35TCem3LINr/aw1W0hGhdKY/zweC64CBJEyiHumaae480rqF8eOA==

"@opentelemetry/tracing@0.20.0":
  version "0.20.0"
  resolved "https://registry.yarnpkg.com/@opentelemetry/tracing/-/tracing-0.20.0.tgz#ff0224568925158244926661b339c0ac63a729ba"
  integrity sha512-8ZIH0IBxIucgza0BFNiCCLByUsvu45Dm5k292RlO/E8Z1q/J7otJmh9r/EkaFb0ZSyjNdawmJ1CXnlU7+IQN1w==
  dependencies:
    "@opentelemetry/core" "0.20.0"
    "@opentelemetry/resources" "0.20.0"
    "@opentelemetry/semantic-conventions" "0.20.0"
    lodash.merge "^4.6.2"

"@sideway/address@^4.1.0":
  version "4.1.2"
  resolved "https://registry.yarnpkg.com/@sideway/address/-/address-4.1.2.tgz#811b84333a335739d3969cfc434736268170cad1"
  integrity sha512-idTz8ibqWFrPU8kMirL0CoPH/A29XOzzAzpyN3zQ4kAWnzmNfFmRaoMNN6VI8ske5M73HZyhIaW4OuSFIdM4oA==
  dependencies:
    "@hapi/hoek" "^9.0.0"

"@sideway/formula@^3.0.0":
  version "3.0.0"
  resolved "https://registry.yarnpkg.com/@sideway/formula/-/formula-3.0.0.tgz#fe158aee32e6bd5de85044be615bc08478a0a13c"
  integrity sha512-vHe7wZ4NOXVfkoRb8T5otiENVlT7a3IAiw7H5M2+GO+9CDgcVUUsX1zalAztCmwyOr2RUTGJdgB+ZvSVqmdHmg==

"@sideway/pinpoint@^2.0.0":
  version "2.0.0"
  resolved "https://registry.yarnpkg.com/@sideway/pinpoint/-/pinpoint-2.0.0.tgz#cff8ffadc372ad29fd3f78277aeb29e632cc70df"
  integrity sha512-RNiOoTPkptFtSVzQevY/yWtZwf/RxyVnPy/OcA9HBM3MlGDnBEYL5B41H0MTn0Uec8Hi+2qUtTfG2WWZBmMejQ==

"@types/hapi__catbox@*":
  version "10.2.3"
  resolved "https://registry.yarnpkg.com/@types/hapi__catbox/-/hapi__catbox-10.2.3.tgz#c9279c16d709bf2987491c332e11d18124ae018f"
  integrity sha512-gs6MKMKXzWpSqeYsPaDIDAxD8jLNg7aFxgAJE6Jnc+ns072Z9fuh39/NF5gSk1KNoGCLnIpeZ0etT9gY9QDCKg==

"@types/hapi__hapi@20.0.8":
  version "20.0.8"
  resolved "https://registry.yarnpkg.com/@types/hapi__hapi/-/hapi__hapi-20.0.8.tgz#83faa2be02d7192eabc1536e802461a9df6bff2a"
  integrity sha512-NNslrYq2XQwm4uOqNcSWKpYtaeMr4DkQdrFzSB7p9rKB9ppJLh3mgP2wak9vBZl7/Cnhhb+JVBcUZCOUcW0JPA==
  dependencies:
    "@hapi/boom" "^9.0.0"
    "@hapi/iron" "^6.0.0"
    "@hapi/podium" "^4.1.3"
    "@types/hapi__catbox" "*"
    "@types/hapi__mimos" "*"
    "@types/hapi__shot" "*"
    "@types/node" "*"
    joi "^17.3.0"

"@types/hapi__mimos@*":
  version "4.1.3"
  resolved "https://registry.yarnpkg.com/@types/hapi__mimos/-/hapi__mimos-4.1.3.tgz#e2ad0510af090a87c16f5a7bdffbb9638ef36444"
  integrity sha512-vZiKXZ0QqwSh0v1z9/f/VEPvmAHQaAXeVK9kGQIQH+2cqxrb2IL4TSDF0aPhPnNzuCvcUWaeCuGXj8V79v/kEA==
  dependencies:
    "@types/mime-db" "*"

"@types/hapi__shot@*":
  version "4.1.1"
  resolved "https://registry.yarnpkg.com/@types/hapi__shot/-/hapi__shot-4.1.1.tgz#c760322b90eb77f36a3003a442e8dc69e6ae3922"
  integrity sha512-44Jj7jJAFgNVgfdbyVtBUbEIbYqWRKAbLR4kiQxBbVEdf8ZKfa5Hg1qg4QdzXBgjw0mopewU4wx1/eWRTVelNQ==
  dependencies:
    "@types/node" "*"

"@types/mime-db@*":
  version "1.43.0"
  resolved "https://registry.yarnpkg.com/@types/mime-db/-/mime-db-1.43.0.tgz#c91a4fcae0d6cfe19f2452b3b3e9fc2b95aa9a52"
  integrity sha512-nCqnKWfvDzTVRh8NS9Zn+rnZYs5+iw5hx3G0nFgKM/R2mJQwPChin4DQ4zXlXnxTtc/3Ys5FnWweKW6NW+d2aw==

"@types/node@*":
  version "15.12.2"
  resolved "https://registry.yarnpkg.com/@types/node/-/node-15.12.2.tgz#1f2b42c4be7156ff4a6f914b2fb03d05fa84e38d"
  integrity sha512-zjQ69G564OCIWIOHSXyQEEDpdpGl+G348RAKY0XXy9Z5kU9Vzv1GMNnkar/ZJ8dzXB3COzD9Mo9NtRZ4xfgUww==

"@uptrace/core@^0.20.0":
  version "0.20.0"
  resolved "https://registry.yarnpkg.com/@uptrace/core/-/core-0.20.0.tgz#ed0c0320e942c6ffd674819670f157626f69821e"
  integrity sha512-4TIS9LFvnB/LwAxYSZf7Rleen+3n6RUYawhQN6rG3DYNk9iug/H7cO6Pz+F02atdhI9HtRP8QyUuIKn2j6MvUQ==
  dependencies:
    "@opentelemetry/api" "0.20.0"
    "@opentelemetry/core" "0.20.0"
    "@opentelemetry/instrumentation" "0.20.0"
    "@opentelemetry/tracing" "0.20.0"
    cross-fetch "^3.1.4"

"@uptrace/node@0.20.0":
  version "0.20.0"
  resolved "https://registry.yarnpkg.com/@uptrace/node/-/node-0.20.0.tgz#6dd2b2f2ca4a150a66dcfe5a4b5773dca2778c23"
  integrity sha512-ocqBLMBdUmbToiXvl5FggOD7sV27joxw6Wj/RXQxcbGN8YBFjDj6w1FPWv9QMzVLaq4yaWGnFzmlAGT3ZaI/Hg==
  dependencies:
    "@opentelemetry/api" "0.20.0"
    "@opentelemetry/node" "0.20.0"
    "@opentelemetry/sdk-node" "0.20.0"
    "@uptrace/core" "^0.20.0"

abort-controller@^3.0.0:
  version "3.0.0"
  resolved "https://registry.yarnpkg.com/abort-controller/-/abort-controller-3.0.0.tgz#eaf54d53b62bae4138e809ca225c8439a6efb392"
  integrity sha512-h8lQ8tacZYnR3vNQTgibj+tODHI5/+l06Au2Pcriv/Gmet0eaj4TwWH41sO9wnHDiQsEj19q0drzdWdeAHtweg==
  dependencies:
    event-target-shim "^5.0.0"

agent-base@6:
  version "6.0.2"
  resolved "https://registry.yarnpkg.com/agent-base/-/agent-base-6.0.2.tgz#49fff58577cfee3f37176feab4c22e00f86d7f77"
  integrity sha512-RZNwNclF7+MS/8bDg70amg32dyeZGZxiDuQmZxKLAlQjr3jGyLx+4Kkk58UO7D2QdgFIQCovuSuZESne6RG6XQ==
  dependencies:
    debug "4"

bignumber.js@^9.0.0:
  version "9.0.1"
  resolved "https://registry.yarnpkg.com/bignumber.js/-/bignumber.js-9.0.1.tgz#8d7ba124c882bfd8e43260c67475518d0689e4e5"
  integrity sha512-IdZR9mh6ahOBv/hYGiXyVuyCetmGJhtYkqLBpTStdhEGjegpPlUawydyaF3pbIOFynJTpllEs+NP+CS9jKFLjA==

cross-fetch@^3.1.4:
  version "3.1.4"
  resolved "https://registry.yarnpkg.com/cross-fetch/-/cross-fetch-3.1.4.tgz#9723f3a3a247bf8b89039f3a380a9244e8fa2f39"
  integrity sha512-1eAtFWdIubi6T4XPy6ei9iUFoKpUkIF971QLN8lIvvvwueI65+Nw5haMNKUwfJxabqlIIDODJKGrQ66gxC0PbQ==
  dependencies:
    node-fetch "2.6.1"

debug@4, debug@^4.1.1:
  version "4.3.1"
  resolved "https://registry.yarnpkg.com/debug/-/debug-4.3.1.tgz#f0d229c505e0c6d8c49ac553d1b13dc183f6b2ee"
  integrity sha512-doEwdvm4PCeK4K3RQN2ZC2BYUBaxwLARCqZmMjtF8a51J2Rb0xpVloFRnCODwqjpwnAoao4pelN8l3RJdv3gRQ==
  dependencies:
    ms "2.1.2"

event-target-shim@^5.0.0:
  version "5.0.1"
  resolved "https://registry.yarnpkg.com/event-target-shim/-/event-target-shim-5.0.1.tgz#5d4d3ebdf9583d63a5333ce2deb7480ab2b05789"
  integrity sha512-i/2XbnSz/uxRCU6+NdVJgKWDTM427+MqYbkQzD321DuCQJUqOuJKIA0IM2+W2xtYHdKOmZ4dR6fExsd4SXL+WQ==

extend@^3.0.2:
  version "3.0.2"
  resolved "https://registry.yarnpkg.com/extend/-/extend-3.0.2.tgz#f8b1136b4071fbd8eb140aff858b1019ec2915fa"
  integrity sha512-fjquC59cD7CyW6urNXK0FBufkZcoiGG80wTuPujX590cB5Ttln20E2UB4S/WARVqhXffZl2LNgS+gQdPIIim/g==

function-bind@^1.1.1:
  version "1.1.1"
  resolved "https://registry.yarnpkg.com/function-bind/-/function-bind-1.1.1.tgz#a56899d3ea3c9bab874bb9773b7c5ede92f4895d"
  integrity sha512-yIovAzMX49sF8Yl58fSCWJ5svSLuaibPxXQJFLmBObTuCr0Mf1KiPopGM9NiFjiYBCbfaa2Fh6breQ6ANVTI0A==

gaxios@^4.0.0:
  version "4.3.0"
  resolved "https://registry.yarnpkg.com/gaxios/-/gaxios-4.3.0.tgz#ad4814d89061f85b97ef52aed888c5dbec32f774"
  integrity sha512-pHplNbslpwCLMyII/lHPWFQbJWOX0B3R1hwBEOvzYi1GmdKZruuEHK4N9V6f7tf1EaPYyF80mui1+344p6SmLg==
  dependencies:
    abort-controller "^3.0.0"
    extend "^3.0.2"
    https-proxy-agent "^5.0.0"
    is-stream "^2.0.0"
    node-fetch "^2.3.0"

gcp-metadata@^4.1.4:
  version "4.2.1"
  resolved "https://registry.yarnpkg.com/gcp-metadata/-/gcp-metadata-4.2.1.tgz#31849fbcf9025ef34c2297c32a89a1e7e9f2cd62"
  integrity sha512-tSk+REe5iq/N+K+SK1XjZJUrFPuDqGZVzCy2vocIHIGmPlTGsa8owXMJwGkrXr73NO0AzhPW4MF2DEHz7P2AVw==
  dependencies:
    gaxios "^4.0.0"
    json-bigint "^1.0.0"

has@^1.0.3:
  version "1.0.3"
  resolved "https://registry.yarnpkg.com/has/-/has-1.0.3.tgz#722d7cbfc1f6aa8241f16dd814e011e1f41e8796"
  integrity sha512-f2dvO0VU6Oej7RkWJGrehjbzMAjFp5/VKPp5tTpWIV4JHHZK1/BxbFRtf/siA2SWTe09caDmVtYYzWEIbBS4zw==
  dependencies:
    function-bind "^1.1.1"

https-proxy-agent@^5.0.0:
  version "5.0.0"
  resolved "https://registry.yarnpkg.com/https-proxy-agent/-/https-proxy-agent-5.0.0.tgz#e2a90542abb68a762e0a0850f6c9edadfd8506b2"
  integrity sha512-EkYm5BcKUGiduxzSt3Eppko+PiNWNEpa4ySk9vTC6wDsQJW9rHSa+UhGNJoRYp7bz6Ht1eaRIa6QaJqO5rCFbA==
  dependencies:
    agent-base "6"
    debug "4"

is-core-module@^2.2.0:
  version "2.4.0"
  resolved "https://registry.yarnpkg.com/is-core-module/-/is-core-module-2.4.0.tgz#8e9fc8e15027b011418026e98f0e6f4d86305cc1"
  integrity sha512-6A2fkfq1rfeQZjxrZJGerpLCTHRNEBiSgnu0+obeJpEPZRUooHgsizvzv0ZjJwOz3iWIHdJtVWJ/tmPr3D21/A==
  dependencies:
    has "^1.0.3"

is-stream@^2.0.0:
  version "2.0.0"
  resolved "https://registry.yarnpkg.com/is-stream/-/is-stream-2.0.0.tgz#bde9c32680d6fae04129d6ac9d921ce7815f78e3"
  integrity sha512-XCoy+WlUr7d1+Z8GgSuXmpuUFC9fOhRXglJMx+dwLKTkL44Cjd4W1Z5P+BQZpr+cR93aGP4S/s7Ftw6Nd/kiEw==

joi@^17.3.0:
  version "17.4.0"
  resolved "https://registry.yarnpkg.com/joi/-/joi-17.4.0.tgz#b5c2277c8519e016316e49ababd41a1908d9ef20"
  integrity sha512-F4WiW2xaV6wc1jxete70Rw4V/VuMd6IN+a5ilZsxG4uYtUXWu2kq9W5P2dz30e7Gmw8RCbY/u/uk+dMPma9tAg==
  dependencies:
    "@hapi/hoek" "^9.0.0"
    "@hapi/topo" "^5.0.0"
    "@sideway/address" "^4.1.0"
    "@sideway/formula" "^3.0.0"
    "@sideway/pinpoint" "^2.0.0"

json-bigint@^1.0.0:
  version "1.0.0"
  resolved "https://registry.yarnpkg.com/json-bigint/-/json-bigint-1.0.0.tgz#ae547823ac0cad8398667f8cd9ef4730f5b01ff1"
  integrity sha512-SiPv/8VpZuWbvLSMtTDU8hEfrZWg/mH/nV/b4o0CYbSxu1UIQPLdwKOCIyLQX+VIPO5vrLX3i8qtqFyhdPSUSQ==
  dependencies:
    bignumber.js "^9.0.0"

lodash.merge@^4.6.2:
  version "4.6.2"
  resolved "https://registry.yarnpkg.com/lodash.merge/-/lodash.merge-4.6.2.tgz#558aa53b43b661e1925a0afdfa36a9a1085fe57a"
  integrity sha512-0KpjqXRVvrYyCsX1swR/XTK0va6VQkQM6MNo7PqW77ByjAhoARA8EfrP1N4+KlKj8YS0ZUCtRT/YUuhyYDujIQ==

lru-cache@^6.0.0:
  version "6.0.0"
  resolved "https://registry.yarnpkg.com/lru-cache/-/lru-cache-6.0.0.tgz#6d6fe6570ebd96aaf90fcad1dafa3b2566db3a94"
  integrity sha512-Jo6dJ04CmSjuznwJSS3pUeWmd/H0ffTlkXXgwZi+eq1UCmqQwCh+eLsYOYCwY991i2Fah4h1BEMCx4qThGbsiA==
  dependencies:
    yallist "^4.0.0"

mime-db@1.x.x:
  version "1.48.0"
  resolved "https://registry.yarnpkg.com/mime-db/-/mime-db-1.48.0.tgz#e35b31045dd7eada3aaad537ed88a33afbef2d1d"
  integrity sha512-FM3QwxV+TnZYQ2aRqhlKBMHxk10lTbMt3bBkMAp54ddrNeVSfcQYOOKuGuy3Ddrm38I04If834fOUSq1yzslJQ==

module-details-from-path@^1.0.3:
  version "1.0.3"
  resolved "https://registry.yarnpkg.com/module-details-from-path/-/module-details-from-path-1.0.3.tgz#114c949673e2a8a35e9d35788527aa37b679da2b"
  integrity sha1-EUyUlnPiqKNenTV4hSeqN7Z52is=

ms@2.1.2:
  version "2.1.2"
  resolved "https://registry.yarnpkg.com/ms/-/ms-2.1.2.tgz#d09d1f357b443f493382a8eb3ccd183872ae6009"
  integrity sha512-sGkPx+VjMtmA6MX27oA4FBFELFCZZ4S4XqeGOXCv68tT+jb3vk/RyaKWP0PTKyWtmLSM0b+adUTEvbs1PEaH2w==

node-fetch@2.6.1, node-fetch@^2.3.0:
  version "2.6.1"
  resolved "https://registry.yarnpkg.com/node-fetch/-/node-fetch-2.6.1.tgz#045bd323631f76ed2e2b55573394416b639a0052"
  integrity sha512-V4aYg89jEoVRxRb2fJdAg8FHvI7cEyYdVAh94HH0UIK8oJxUfkjlDQN9RbMx+bEjP7+ggMiFRprSti032Oipxw==

path-parse@^1.0.6:
  version "1.0.7"
  resolved "https://registry.yarnpkg.com/path-parse/-/path-parse-1.0.7.tgz#fbc114b60ca42b30d9daf5858e4bd68bbedb6735"
  integrity sha512-LDJzPVEEEPR+y48z93A0Ed0yXb8pAByGWo/k5YYdYgpY2/2EsOsksJrq7lOHxryrVOn1ejG6oAp8ahvOIQD8sw==

require-in-the-middle@^5.0.3:
  version "5.1.0"
  resolved "https://registry.yarnpkg.com/require-in-the-middle/-/require-in-the-middle-5.1.0.tgz#b768f800377b47526d026bbf5a7f727f16eb412f"
  integrity sha512-M2rLKVupQfJ5lf9OvqFGIT+9iVLnTmjgbOmpil12hiSQNn5zJTKGPoIisETNjfK+09vP3rpm1zJajmErpr2sEQ==
  dependencies:
    debug "^4.1.1"
    module-details-from-path "^1.0.3"
    resolve "^1.12.0"

resolve@^1.12.0:
  version "1.20.0"
  resolved "https://registry.yarnpkg.com/resolve/-/resolve-1.20.0.tgz#629a013fb3f70755d6f0b7935cc1c2c5378b1975"
  integrity sha512-wENBPt4ySzg4ybFQW2TT1zMQucPK95HSh/nq2CFTZVOGut2+pQvSsgtda4d26YrYcr067wjbmzOG8byDPBX63A==
  dependencies:
    is-core-module "^2.2.0"
    path-parse "^1.0.6"

semver@7.3.5, semver@^7.1.3, semver@^7.3.2:
  version "7.3.5"
  resolved "https://registry.yarnpkg.com/semver/-/semver-7.3.5.tgz#0b621c879348d8998e4b0e4be94b3f12e6018ef7"
  integrity sha512-PoeGJYh8HK4BTO/a9Tf6ZG3veo/A7ZVsYrSA6J8ny9nb3B1VrpkuN+z9OE5wfE5p6H4LchYZsegiQgbJD94ZFQ==
  dependencies:
    lru-cache "^6.0.0"

shimmer@^1.2.1:
  version "1.2.1"
  resolved "https://registry.yarnpkg.com/shimmer/-/shimmer-1.2.1.tgz#610859f7de327b587efebf501fb43117f9aff337"
  integrity sha512-sQTKC1Re/rM6XyFM6fIAGHRPVGvyXfgzIDvzoq608vM+jeyVD0Tu1E6Np0Kc2zAIFWIj963V2800iF/9LPieQw==

yallist@^4.0.0:
  version "4.0.0"
  resolved "https://registry.yarnpkg.com/yallist/-/yallist-4.0.0.tgz#9bb92790d9c0effec63be73519e11a35019a3a72"
  integrity sha512-3wdGidZyq5PB084XLES5TpOSRA3wjXAlIWMhum2kRcv/41Sn2emQ0dycQW4uZXLejwKvg6EsvbdlVL+FYEct7A==
