# THIS IS AN AUTOGENERATED FILE. DO NOT EDIT THIS FILE DIRECTLY.
# yarn lockfile v1


"@opentelemetry/api-metrics@^0.18.0":
  version "0.18.0"
  resolved "https://registry.yarnpkg.com/@opentelemetry/api-metrics/-/api-metrics-0.18.0.tgz#347b3efc5b34d5ee2565df99300b97c064043daa"
  integrity sha512-5MGIP1Bb97yiRBLeHdfgDaMnoKE5+IOhUvE3FGRqiTMjun0cDt35gY4k5+w5pmqpcHFkt0/ih25YTKjF0tJLHg==
  dependencies:
    "@opentelemetry/api" "^0.18.0"

"@opentelemetry/api@^0.18.0":
  version "0.18.0"
  resolved "https://registry.yarnpkg.com/@opentelemetry/api/-/api-0.18.0.tgz#4641879f16de9784bb00023ab0de5ca219ced765"
  integrity sha512-KczG0mtyH2UQLeFDYC+atGXfS/MfttynmHblJUsOnIgfI0Ohn0nJOgNjKwJlHk6/9Q61CBTxzSs/268TDaopVw==

"@opentelemetry/context-async-hooks@^0.18.0":
  version "0.18.0"
  resolved "https://registry.yarnpkg.com/@opentelemetry/context-async-hooks/-/context-async-hooks-0.18.0.tgz#bf90e3acf3f2254941742eb8d9f7bb546fa357c6"
  integrity sha512-PD1aHXyniFtZIXbLuCr+KaZiufrGJPuEZ6eMZggQRi7+AC3alAfAVRz88sLmeR49pd7lRRFiKzymzVqJRMEmjw==
  dependencies:
    "@opentelemetry/api" "^0.18.0"

"@opentelemetry/core@^0.18.0":
  version "0.18.0"
  resolved "https://registry.yarnpkg.com/@opentelemetry/core/-/core-0.18.0.tgz#51f1cea441c163e53eee2a454134ee0bc6451177"
  integrity sha512-Kg+LBIAPK70tEtpIAdZomkUmbABK+EwfnjFfvJ1rVZ8e0NApDx14Sq92RbGDIf67TK5mBgIvvY27W+ic354UZQ==
  dependencies:
    "@opentelemetry/api" "^0.18.0"
    semver "^7.1.3"

"@opentelemetry/exporter-collector@^0.18.0":
  version "0.18.0"
  resolved "https://registry.yarnpkg.com/@opentelemetry/exporter-collector/-/exporter-collector-0.18.0.tgz#ebda9f97814aeceb2b5eac6908abe923caf13a2e"
  integrity sha512-AMurbTrkhIDy+hCs7Iz3MdhRCUbhzQC3rUOIDwusnUDBOah7zD9OLm/6yS529jrYNfljzxHjeczV0oOsu9AcKQ==
  dependencies:
    "@opentelemetry/api" "^0.18.0"
    "@opentelemetry/api-metrics" "^0.18.0"
    "@opentelemetry/core" "^0.18.0"
    "@opentelemetry/metrics" "^0.18.0"
    "@opentelemetry/resources" "^0.18.0"
    "@opentelemetry/tracing" "^0.18.0"

"@opentelemetry/metrics@^0.18.0":
  version "0.18.0"
  resolved "https://registry.yarnpkg.com/@opentelemetry/metrics/-/metrics-0.18.0.tgz#4e61488a88a55f0ebeeaeda128457108e7405013"
  integrity sha512-BH1P97bY6ZHBPNlW/0gV+Bc384Gqpu0KOdKWy2ZcntxGemhZ+byguL1AlqqS5ip+AaoCvgAmaY7JzuXq7YKo4A==
  dependencies:
    "@opentelemetry/api" "^0.18.0"
    "@opentelemetry/api-metrics" "^0.18.0"
    "@opentelemetry/core" "^0.18.0"
    "@opentelemetry/resources" "^0.18.0"
    lodash.merge "^4.6.2"

"@opentelemetry/node@^0.18.0":
  version "0.18.0"
  resolved "https://registry.yarnpkg.com/@opentelemetry/node/-/node-0.18.0.tgz#be8aadecb3a4c627030a9fa805c5e438aed77de0"
  integrity sha512-KjN6O+BvNmBwjQHKpcIRyxebrRuEMUzyS4Y13ZMH684fBMwRTju45aDz7ILCFndGECvbtl8nDY0US7+HCimpXw==
  dependencies:
    "@opentelemetry/api" "^0.18.0"
    "@opentelemetry/context-async-hooks" "^0.18.0"
    "@opentelemetry/core" "^0.18.0"
    "@opentelemetry/tracing" "^0.18.0"
    semver "^7.1.3"

"@opentelemetry/resources@^0.18.0":
  version "0.18.0"
  resolved "https://registry.yarnpkg.com/@opentelemetry/resources/-/resources-0.18.0.tgz#fa6caad38efbac1ace424145f276e57ca12228fe"
  integrity sha512-Mko4HpoI5cCYplhSyiCuMFi0QEG1Nw/YwHFyAK+A67r+sgmo1wVpM6Pengb+XlxJrrO8WgmLsDS3RHqoMWhWNQ==
  dependencies:
    "@opentelemetry/api" "^0.18.0"
    "@opentelemetry/core" "^0.18.0"

"@opentelemetry/semantic-conventions@^0.18.0":
  version "0.18.0"
  resolved "https://registry.yarnpkg.com/@opentelemetry/semantic-conventions/-/semantic-conventions-0.18.0.tgz#169d05965dfbe75636bde2ea888cf9be2a404e36"
  integrity sha512-02Wi/zFq+RWfY4llRicMashGhyZvUtMfXu9UlfXMJiDbGOgkdua4AeOCv9lDqv1GIz11xr5qS4tFjLp7WnlU+Q==

"@opentelemetry/tracing@^0.18.0":
  version "0.18.0"
  resolved "https://registry.yarnpkg.com/@opentelemetry/tracing/-/tracing-0.18.0.tgz#2cef96dfcdd02a3763cccfab75ffde094db48fac"
  integrity sha512-k7UAebuHBLPafS8rnkpZqNuM8nfwOg6OCmppekCMxdQzkuZS1attgelqyEIlX6NYh46DndyZ7BxBkiXF4S0Xwg==
  dependencies:
    "@opentelemetry/api" "^0.18.0"
    "@opentelemetry/core" "^0.18.0"
    "@opentelemetry/resources" "^0.18.0"
    "@opentelemetry/semantic-conventions" "^0.18.0"
    lodash.merge "^4.6.2"

lodash.merge@^4.6.2:
  version "4.6.2"
  resolved "https://registry.yarnpkg.com/lodash.merge/-/lodash.merge-4.6.2.tgz#558aa53b43b661e1925a0afdfa36a9a1085fe57a"
  integrity sha512-0KpjqXRVvrYyCsX1swR/XTK0va6VQkQM6MNo7PqW77ByjAhoARA8EfrP1N4+KlKj8YS0ZUCtRT/YUuhyYDujIQ==

lru-cache@^6.0.0:
  version "6.0.0"
  resolved "https://registry.yarnpkg.com/lru-cache/-/lru-cache-6.0.0.tgz#6d6fe6570ebd96aaf90fcad1dafa3b2566db3a94"
  integrity sha512-Jo6dJ04CmSjuznwJSS3pUeWmd/H0ffTlkXXgwZi+eq1UCmqQwCh+eLsYOYCwY991i2Fah4h1BEMCx4qThGbsiA==
  dependencies:
    yallist "^4.0.0"

semver@^7.1.3:
  version "7.3.4"
  resolved "https://registry.yarnpkg.com/semver/-/semver-7.3.4.tgz#27aaa7d2e4ca76452f98d3add093a72c943edc97"
  integrity sha512-tCfb2WLjqFAtXn4KEdxIhalnRtoKFN7nAwj0B3ZXCbQloV2tq5eDbcTmT68JJD3nRJq24/XgxtQKFIpQdtvmVw==
  dependencies:
    lru-cache "^6.0.0"

yallist@^4.0.0:
  version "4.0.0"
  resolved "https://registry.yarnpkg.com/yallist/-/yallist-4.0.0.tgz#9bb92790d9c0effec63be73519e11a35019a3a72"
  integrity sha512-3wdGidZyq5PB084XLES5TpOSRA3wjXAlIWMhum2kRcv/41Sn2emQ0dycQW4uZXLejwKvg6EsvbdlVL+FYEct7A==
