# THIS IS AN AUTOGENERATED FILE. DO NOT EDIT THIS FILE DIRECTLY.
# yarn lockfile v1


"@opentelemetry/api-metrics@0.20.0":
  version "0.20.0"
  resolved "https://registry.yarnpkg.com/@opentelemetry/api-metrics/-/api-metrics-0.20.0.tgz#5c332cadfacd1fa966318292ba8dbb542f5ead57"
  integrity sha512-S/OeOuk5W8nlv2dp4JQmIzZvafpOKhEb4j9gWdWQaM0+U+Cv+yQlboeTQHFcpj5obwJ7AzTHrwnL6ApV8dtmuw==

"@opentelemetry/api@0.20.0":
  version "0.20.0"
  resolved "https://registry.yarnpkg.com/@opentelemetry/api/-/api-0.20.0.tgz#d4e26d30dc0c5da697d1ff51434ad8f0cf30e565"
  integrity sha512-n06MtDYEc2H07S/NTvGMlxF2Ijp0YbNrI/rBgLcxpEh3hxOkPZA12gxlUoZkBHWCZYau2j3b/uL+QFpiQKOjSw==

"@opentelemetry/context-async-hooks@0.20.0":
  version "0.20.0"
  resolved "https://registry.yarnpkg.com/@opentelemetry/context-async-hooks/-/context-async-hooks-0.20.0.tgz#44c457eb2359ff3086bb8fc5d306b2efd91921d9"
  integrity sha512-4cuTIPpufWRDdShtvT0c30/jHfO9eXzUh6tU087J8aO8J/hckyCIlN03eB7pfqPwQzLnWONGdHOpGjLSY7q4tg==

"@opentelemetry/core@0.20.0":
  version "0.20.0"
  resolved "https://registry.yarnpkg.com/@opentelemetry/core/-/core-0.20.0.tgz#2fc9619fa225c7ea7a6169ac578f89c9894b5900"
  integrity sha512-09zQqB4vp2jcyBnglA/TFklDQoVgWrFKtr9pDm0q3Oa1bD2Hwpq+JapBAw18YdMQsLNQM/qsXhFlS3gFDVEy4A==
  dependencies:
    "@opentelemetry/semantic-conventions" "0.20.0"
    semver "^7.1.3"

"@opentelemetry/exporter-collector@0.20.0":
  version "0.20.0"
  resolved "https://registry.yarnpkg.com/@opentelemetry/exporter-collector/-/exporter-collector-0.20.0.tgz#e8fe1d3411f115d3b113115c2a78e16b3dacacd1"
  integrity sha512-ka4FHPqXYZpTRx2KYTUpBB9gqzwtzuVBvxew5/0TpR8W3yP2gUErWPsUBrch2tRBQ7jY2kJN5sfkJPVt/j1X9w==
  dependencies:
    "@opentelemetry/api-metrics" "0.20.0"
    "@opentelemetry/core" "0.20.0"
    "@opentelemetry/metrics" "0.20.0"
    "@opentelemetry/resources" "0.20.0"
    "@opentelemetry/tracing" "0.20.0"

"@opentelemetry/metrics@0.20.0":
  version "0.20.0"
  resolved "https://registry.yarnpkg.com/@opentelemetry/metrics/-/metrics-0.20.0.tgz#9f8b2652929a830513dc6949e2471f325c1e8dbd"
  integrity sha512-1jqtRvI+AdRIG+Up8njOgooOxa570uoWTKgokanllcCRp2gOOnkgLQ8YQhbArX0F4Xi2FHYe7o5vDO3J0Aj5kA==
  dependencies:
    "@opentelemetry/api-metrics" "0.20.0"
    "@opentelemetry/core" "0.20.0"
    "@opentelemetry/resources" "0.20.0"
    lodash.merge "^4.6.2"

"@opentelemetry/node@0.20.0":
  version "0.20.0"
  resolved "https://registry.yarnpkg.com/@opentelemetry/node/-/node-0.20.0.tgz#7d4594deb87f0c0133d4b97b78a5678a6f8554cf"
  integrity sha512-MVwnH/AoHQTz1jOhJTYXoAoQD4CA/3L7QQkiiA93f6QGaWKIHjI/+3fUtA/GCfPR9Kf0sItQ/aag8KtCJClPCw==
  dependencies:
    "@opentelemetry/context-async-hooks" "0.20.0"
    "@opentelemetry/core" "0.20.0"
    "@opentelemetry/propagator-b3" "0.20.0"
    "@opentelemetry/propagator-jaeger" "0.20.0"
    "@opentelemetry/tracing" "0.20.0"
    semver "^7.1.3"

"@opentelemetry/propagator-b3@0.20.0":
  version "0.20.0"
  resolved "https://registry.yarnpkg.com/@opentelemetry/propagator-b3/-/propagator-b3-0.20.0.tgz#78944a0527675c856b4f369dbfdd48d5272a434e"
  integrity sha512-TGI2D45oUVlbXVEWDedqxwO0WUtzchN/tuYghEHjRTNcVLLKT2ci9JwzHormC+ls98SYPDfvuzpB0+ParoexPQ==
  dependencies:
    "@opentelemetry/core" "0.20.0"

"@opentelemetry/propagator-jaeger@0.20.0":
  version "0.20.0"
  resolved "https://registry.yarnpkg.com/@opentelemetry/propagator-jaeger/-/propagator-jaeger-0.20.0.tgz#35fc5e0bfde1bef6afc0307f88a4b22135bc5c14"
  integrity sha512-6kdnd1ePADx4XDaFw4Ea47fdIZohhJbd30Fc4yvl0DO+RR5WEAiAho0IsoTj6L/qvOb/+LAfvjvdk2UOXgb/3Q==
  dependencies:
    "@opentelemetry/core" "0.20.0"

"@opentelemetry/resources@0.20.0":
  version "0.20.0"
  resolved "https://registry.yarnpkg.com/@opentelemetry/resources/-/resources-0.20.0.tgz#038d985c610600cde146ee1e95b6a124f3ad4754"
  integrity sha512-nnd3vIM+A9ih6kOVBc2CF5NkTYmdNci5aQ+A5lQjf3HqjEptcGubpg1J1Q84LSFVoITvuH2O6+GhPBrdxYBt8g==
  dependencies:
    "@opentelemetry/core" "0.20.0"
    "@opentelemetry/semantic-conventions" "0.20.0"

"@opentelemetry/semantic-conventions@0.20.0":
  version "0.20.0"
  resolved "https://registry.yarnpkg.com/@opentelemetry/semantic-conventions/-/semantic-conventions-0.20.0.tgz#adc7e391bba6db9bbaba04ae263c3e92b1703d44"
  integrity sha512-x40C3vQMttFlnNEfhFwO49jHrY6AoWnntL35TCem3LINr/aw1W0hGhdKY/zweC64CBJEyiHumaae480rqF8eOA==

"@opentelemetry/tracing@0.20.0":
  version "0.20.0"
  resolved "https://registry.yarnpkg.com/@opentelemetry/tracing/-/tracing-0.20.0.tgz#ff0224568925158244926661b339c0ac63a729ba"
  integrity sha512-8ZIH0IBxIucgza0BFNiCCLByUsvu45Dm5k292RlO/E8Z1q/J7otJmh9r/EkaFb0ZSyjNdawmJ1CXnlU7+IQN1w==
  dependencies:
    "@opentelemetry/core" "0.20.0"
    "@opentelemetry/resources" "0.20.0"
    "@opentelemetry/semantic-conventions" "0.20.0"
    lodash.merge "^4.6.2"

lodash.merge@^4.6.2:
  version "4.6.2"
  resolved "https://registry.yarnpkg.com/lodash.merge/-/lodash.merge-4.6.2.tgz#558aa53b43b661e1925a0afdfa36a9a1085fe57a"
  integrity sha512-0KpjqXRVvrYyCsX1swR/XTK0va6VQkQM6MNo7PqW77ByjAhoARA8EfrP1N4+KlKj8YS0ZUCtRT/YUuhyYDujIQ==

lru-cache@^6.0.0:
  version "6.0.0"
  resolved "https://registry.yarnpkg.com/lru-cache/-/lru-cache-6.0.0.tgz#6d6fe6570ebd96aaf90fcad1dafa3b2566db3a94"
  integrity sha512-Jo6dJ04CmSjuznwJSS3pUeWmd/H0ffTlkXXgwZi+eq1UCmqQwCh+eLsYOYCwY991i2Fah4h1BEMCx4qThGbsiA==
  dependencies:
    yallist "^4.0.0"

semver@^7.1.3:
  version "7.3.4"
  resolved "https://registry.yarnpkg.com/semver/-/semver-7.3.4.tgz#27aaa7d2e4ca76452f98d3add093a72c943edc97"
  integrity sha512-tCfb2WLjqFAtXn4KEdxIhalnRtoKFN7nAwj0B3ZXCbQloV2tq5eDbcTmT68JJD3nRJq24/XgxtQKFIpQdtvmVw==
  dependencies:
    lru-cache "^6.0.0"

yallist@^4.0.0:
  version "4.0.0"
  resolved "https://registry.yarnpkg.com/yallist/-/yallist-4.0.0.tgz#9bb92790d9c0effec63be73519e11a35019a3a72"
  integrity sha512-3wdGidZyq5PB084XLES5TpOSRA3wjXAlIWMhum2kRcv/41Sn2emQ0dycQW4uZXLejwKvg6EsvbdlVL+FYEct7A==
