lockfileVersion: '9.0'

settings:
  autoInstallPeers: true
  excludeLinksFromLockfile: false

importers:

  .:
    dependencies:
      '@opentelemetry/api':
        specifier: ~1.9.0
        version: 1.9.0
      '@uptrace/node':
        specifier: link:../../packages/uptrace-node
        version: link:../../packages/uptrace-node

packages:

  '@opentelemetry/api@1.9.0':
    resolution: {integrity: sha512-3giAOQvZiH5F9bMlMiv8+GSPMeqg0dbaeo58/0SlA9sxSqZhnUtxzX9/2FzyhS9sWQf5S0GJE0AKBrFqjpeYcg==}
    engines: {node: '>=8.0.0'}

snapshots:

  '@opentelemetry/api@1.9.0': {}
