# THIS IS AN AUTOGENERATED FILE. DO NOT EDIT THIS FILE DIRECTLY.
# yarn lockfile v1


"@opentelemetry/api-metrics@0.20.0":
  version "0.20.0"
  resolved "https://registry.yarnpkg.com/@opentelemetry/api-metrics/-/api-metrics-0.20.0.tgz#5c332cadfacd1fa966318292ba8dbb542f5ead57"
  integrity sha512-S/OeOuk5W8nlv2dp4JQmIzZvafpOKhEb4j9gWdWQaM0+U+Cv+yQlboeTQHFcpj5obwJ7AzTHrwnL6ApV8dtmuw==

"@opentelemetry/api@0.20.0":
  version "0.20.0"
  resolved "https://registry.yarnpkg.com/@opentelemetry/api/-/api-0.20.0.tgz#d4e26d30dc0c5da697d1ff51434ad8f0cf30e565"
  integrity sha512-n06MtDYEc2H07S/NTvGMlxF2Ijp0YbNrI/rBgLcxpEh3hxOkPZA12gxlUoZkBHWCZYau2j3b/uL+QFpiQKOjSw==

"@opentelemetry/context-async-hooks@0.20.0":
  version "0.20.0"
  resolved "https://registry.yarnpkg.com/@opentelemetry/context-async-hooks/-/context-async-hooks-0.20.0.tgz#44c457eb2359ff3086bb8fc5d306b2efd91921d9"
  integrity sha512-4cuTIPpufWRDdShtvT0c30/jHfO9eXzUh6tU087J8aO8J/hckyCIlN03eB7pfqPwQzLnWONGdHOpGjLSY7q4tg==

"@opentelemetry/core@0.20.0":
  version "0.20.0"
  resolved "https://registry.yarnpkg.com/@opentelemetry/core/-/core-0.20.0.tgz#2fc9619fa225c7ea7a6169ac578f89c9894b5900"
  integrity sha512-09zQqB4vp2jcyBnglA/TFklDQoVgWrFKtr9pDm0q3Oa1bD2Hwpq+JapBAw18YdMQsLNQM/qsXhFlS3gFDVEy4A==
  dependencies:
    "@opentelemetry/semantic-conventions" "0.20.0"
    semver "^7.1.3"

"@opentelemetry/instrumentation@0.20.0":
  version "0.20.0"
  resolved "https://registry.yarnpkg.com/@opentelemetry/instrumentation/-/instrumentation-0.20.0.tgz#f0c44a79d00a1dc515b037e31e813f4458d72029"
  integrity sha512-Ts8Xzo95oS6DVusYKHogr0ZiG/dQg2eBgWX6POOPv9uTk47Q1Z6TcN29/eC6BG+aH+eNHpdMey166hzpX86euw==
  dependencies:
    "@opentelemetry/api-metrics" "0.20.0"
    require-in-the-middle "^5.0.3"
    semver "^7.3.2"
    shimmer "^1.2.1"

"@opentelemetry/metrics@0.20.0":
  version "0.20.0"
  resolved "https://registry.yarnpkg.com/@opentelemetry/metrics/-/metrics-0.20.0.tgz#9f8b2652929a830513dc6949e2471f325c1e8dbd"
  integrity sha512-1jqtRvI+AdRIG+Up8njOgooOxa570uoWTKgokanllcCRp2gOOnkgLQ8YQhbArX0F4Xi2FHYe7o5vDO3J0Aj5kA==
  dependencies:
    "@opentelemetry/api-metrics" "0.20.0"
    "@opentelemetry/core" "0.20.0"
    "@opentelemetry/resources" "0.20.0"
    lodash.merge "^4.6.2"

"@opentelemetry/node@0.20.0":
  version "0.20.0"
  resolved "https://registry.yarnpkg.com/@opentelemetry/node/-/node-0.20.0.tgz#7d4594deb87f0c0133d4b97b78a5678a6f8554cf"
  integrity sha512-MVwnH/AoHQTz1jOhJTYXoAoQD4CA/3L7QQkiiA93f6QGaWKIHjI/+3fUtA/GCfPR9Kf0sItQ/aag8KtCJClPCw==
  dependencies:
    "@opentelemetry/context-async-hooks" "0.20.0"
    "@opentelemetry/core" "0.20.0"
    "@opentelemetry/propagator-b3" "0.20.0"
    "@opentelemetry/propagator-jaeger" "0.20.0"
    "@opentelemetry/tracing" "0.20.0"
    semver "^7.1.3"

"@opentelemetry/propagator-b3@0.20.0":
  version "0.20.0"
  resolved "https://registry.yarnpkg.com/@opentelemetry/propagator-b3/-/propagator-b3-0.20.0.tgz#78944a0527675c856b4f369dbfdd48d5272a434e"
  integrity sha512-TGI2D45oUVlbXVEWDedqxwO0WUtzchN/tuYghEHjRTNcVLLKT2ci9JwzHormC+ls98SYPDfvuzpB0+ParoexPQ==
  dependencies:
    "@opentelemetry/core" "0.20.0"

"@opentelemetry/propagator-jaeger@0.20.0":
  version "0.20.0"
  resolved "https://registry.yarnpkg.com/@opentelemetry/propagator-jaeger/-/propagator-jaeger-0.20.0.tgz#35fc5e0bfde1bef6afc0307f88a4b22135bc5c14"
  integrity sha512-6kdnd1ePADx4XDaFw4Ea47fdIZohhJbd30Fc4yvl0DO+RR5WEAiAho0IsoTj6L/qvOb/+LAfvjvdk2UOXgb/3Q==
  dependencies:
    "@opentelemetry/core" "0.20.0"

"@opentelemetry/resource-detector-aws@0.20.0":
  version "0.20.0"
  resolved "https://registry.yarnpkg.com/@opentelemetry/resource-detector-aws/-/resource-detector-aws-0.20.0.tgz#b36e951da6bcc31067b46a81e2aeba2a29e659e2"
  integrity sha512-Mtrxx9Uf9C1RiZrnajiscJJZI9hka4kio4Aes7MZ9EPo0C+92oPVN/sn4Wlr4eVLa5oE3gOgulSPAAQWb0G7kg==
  dependencies:
    "@opentelemetry/core" "0.20.0"
    "@opentelemetry/resources" "0.20.0"
    "@opentelemetry/semantic-conventions" "0.20.0"

"@opentelemetry/resource-detector-gcp@0.20.0":
  version "0.20.0"
  resolved "https://registry.yarnpkg.com/@opentelemetry/resource-detector-gcp/-/resource-detector-gcp-0.20.0.tgz#968556e3933c793c7669f2843259f5c9171a40da"
  integrity sha512-+vD25qCtnChNgd1HeQFgm3olTOYqchwogszyWS//6KaM2If3SIs+5pWi4Gll8fHzGPaV5Qa2RFPPhKXrEhD3cw==
  dependencies:
    "@opentelemetry/resources" "0.20.0"
    "@opentelemetry/semantic-conventions" "0.20.0"
    gcp-metadata "^4.1.4"
    semver "7.3.5"

"@opentelemetry/resources@0.20.0":
  version "0.20.0"
  resolved "https://registry.yarnpkg.com/@opentelemetry/resources/-/resources-0.20.0.tgz#038d985c610600cde146ee1e95b6a124f3ad4754"
  integrity sha512-nnd3vIM+A9ih6kOVBc2CF5NkTYmdNci5aQ+A5lQjf3HqjEptcGubpg1J1Q84LSFVoITvuH2O6+GhPBrdxYBt8g==
  dependencies:
    "@opentelemetry/core" "0.20.0"
    "@opentelemetry/semantic-conventions" "0.20.0"

"@opentelemetry/sdk-node@0.20.0":
  version "0.20.0"
  resolved "https://registry.yarnpkg.com/@opentelemetry/sdk-node/-/sdk-node-0.20.0.tgz#25a2da2f3e19f624d453f9d28b61603ef10b85a0"
  integrity sha512-jSG9Bshsjx4hGXR9lb6XwVWhpPaj0yKqlca/0k6BxXVTmCLpAz9mmVarbzLGUvzvTPu5LtUriqcL2f4iRMvKAA==
  dependencies:
    "@opentelemetry/api-metrics" "0.20.0"
    "@opentelemetry/core" "0.20.0"
    "@opentelemetry/instrumentation" "0.20.0"
    "@opentelemetry/metrics" "0.20.0"
    "@opentelemetry/node" "0.20.0"
    "@opentelemetry/resource-detector-aws" "0.20.0"
    "@opentelemetry/resource-detector-gcp" "0.20.0"
    "@opentelemetry/resources" "0.20.0"
    "@opentelemetry/tracing" "0.20.0"

"@opentelemetry/semantic-conventions@0.20.0":
  version "0.20.0"
  resolved "https://registry.yarnpkg.com/@opentelemetry/semantic-conventions/-/semantic-conventions-0.20.0.tgz#adc7e391bba6db9bbaba04ae263c3e92b1703d44"
  integrity sha512-x40C3vQMttFlnNEfhFwO49jHrY6AoWnntL35TCem3LINr/aw1W0hGhdKY/zweC64CBJEyiHumaae480rqF8eOA==

"@opentelemetry/tracing@0.20.0":
  version "0.20.0"
  resolved "https://registry.yarnpkg.com/@opentelemetry/tracing/-/tracing-0.20.0.tgz#ff0224568925158244926661b339c0ac63a729ba"
  integrity sha512-8ZIH0IBxIucgza0BFNiCCLByUsvu45Dm5k292RlO/E8Z1q/J7otJmh9r/EkaFb0ZSyjNdawmJ1CXnlU7+IQN1w==
  dependencies:
    "@opentelemetry/core" "0.20.0"
    "@opentelemetry/resources" "0.20.0"
    "@opentelemetry/semantic-conventions" "0.20.0"
    lodash.merge "^4.6.2"

"@uptrace/core@^0.20.0":
  version "0.20.0"
  resolved "https://registry.yarnpkg.com/@uptrace/core/-/core-0.20.0.tgz#ed0c0320e942c6ffd674819670f157626f69821e"
  integrity sha512-4TIS9LFvnB/LwAxYSZf7Rleen+3n6RUYawhQN6rG3DYNk9iug/H7cO6Pz+F02atdhI9HtRP8QyUuIKn2j6MvUQ==
  dependencies:
    "@opentelemetry/api" "0.20.0"
    "@opentelemetry/core" "0.20.0"
    "@opentelemetry/instrumentation" "0.20.0"
    "@opentelemetry/tracing" "0.20.0"
    cross-fetch "^3.1.4"

"@uptrace/node@0.20.0":
  version "0.20.0"
  resolved "https://registry.yarnpkg.com/@uptrace/node/-/node-0.20.0.tgz#6dd2b2f2ca4a150a66dcfe5a4b5773dca2778c23"
  integrity sha512-ocqBLMBdUmbToiXvl5FggOD7sV27joxw6Wj/RXQxcbGN8YBFjDj6w1FPWv9QMzVLaq4yaWGnFzmlAGT3ZaI/Hg==
  dependencies:
    "@opentelemetry/api" "0.20.0"
    "@opentelemetry/node" "0.20.0"
    "@opentelemetry/sdk-node" "0.20.0"
    "@uptrace/core" "^0.20.0"

abort-controller@^3.0.0:
  version "3.0.0"
  resolved "https://registry.yarnpkg.com/abort-controller/-/abort-controller-3.0.0.tgz#eaf54d53b62bae4138e809ca225c8439a6efb392"
  integrity sha512-h8lQ8tacZYnR3vNQTgibj+tODHI5/+l06Au2Pcriv/Gmet0eaj4TwWH41sO9wnHDiQsEj19q0drzdWdeAHtweg==
  dependencies:
    event-target-shim "^5.0.0"

agent-base@6:
  version "6.0.2"
  resolved "https://registry.yarnpkg.com/agent-base/-/agent-base-6.0.2.tgz#49fff58577cfee3f37176feab4c22e00f86d7f77"
  integrity sha512-RZNwNclF7+MS/8bDg70amg32dyeZGZxiDuQmZxKLAlQjr3jGyLx+4Kkk58UO7D2QdgFIQCovuSuZESne6RG6XQ==
  dependencies:
    debug "4"

bignumber.js@^9.0.0:
  version "9.0.1"
  resolved "https://registry.yarnpkg.com/bignumber.js/-/bignumber.js-9.0.1.tgz#8d7ba124c882bfd8e43260c67475518d0689e4e5"
  integrity sha512-IdZR9mh6ahOBv/hYGiXyVuyCetmGJhtYkqLBpTStdhEGjegpPlUawydyaF3pbIOFynJTpllEs+NP+CS9jKFLjA==

cross-fetch@^3.1.4:
  version "3.1.4"
  resolved "https://registry.yarnpkg.com/cross-fetch/-/cross-fetch-3.1.4.tgz#9723f3a3a247bf8b89039f3a380a9244e8fa2f39"
  integrity sha512-1eAtFWdIubi6T4XPy6ei9iUFoKpUkIF971QLN8lIvvvwueI65+Nw5haMNKUwfJxabqlIIDODJKGrQ66gxC0PbQ==
  dependencies:
    node-fetch "2.6.1"

debug@4:
  version "4.3.1"
  resolved "https://registry.yarnpkg.com/debug/-/debug-4.3.1.tgz#f0d229c505e0c6d8c49ac553d1b13dc183f6b2ee"
  integrity sha512-doEwdvm4PCeK4K3RQN2ZC2BYUBaxwLARCqZmMjtF8a51J2Rb0xpVloFRnCODwqjpwnAoao4pelN8l3RJdv3gRQ==
  dependencies:
    ms "2.1.2"

debug@^4.1.1:
  version "4.1.1"
  resolved "https://registry.yarnpkg.com/debug/-/debug-4.1.1.tgz#3b72260255109c6b589cee050f1d516139664791"
  integrity sha512-pYAIzeRo8J6KPEaJ0VWOh5Pzkbw/RetuzehGM7QRRX5he4fPHx2rdKMB256ehJCkX+XRQm16eZLqLNS8RSZXZw==
  dependencies:
    ms "^2.1.1"

event-target-shim@^5.0.0:
  version "5.0.1"
  resolved "https://registry.yarnpkg.com/event-target-shim/-/event-target-shim-5.0.1.tgz#5d4d3ebdf9583d63a5333ce2deb7480ab2b05789"
  integrity sha512-i/2XbnSz/uxRCU6+NdVJgKWDTM427+MqYbkQzD321DuCQJUqOuJKIA0IM2+W2xtYHdKOmZ4dR6fExsd4SXL+WQ==

extend@^3.0.2:
  version "3.0.2"
  resolved "https://registry.yarnpkg.com/extend/-/extend-3.0.2.tgz#f8b1136b4071fbd8eb140aff858b1019ec2915fa"
  integrity sha512-fjquC59cD7CyW6urNXK0FBufkZcoiGG80wTuPujX590cB5Ttln20E2UB4S/WARVqhXffZl2LNgS+gQdPIIim/g==

gaxios@^4.0.0:
  version "4.2.0"
  resolved "https://registry.yarnpkg.com/gaxios/-/gaxios-4.2.0.tgz#33bdc4fc241fc33b8915a4b8c07cfb368b932e46"
  integrity sha512-Ms7fNifGv0XVU+6eIyL9LB7RVESeML9+cMvkwGS70xyD6w2Z80wl6RiqiJ9k1KFlJCUTQqFFc8tXmPQfSKUe8g==
  dependencies:
    abort-controller "^3.0.0"
    extend "^3.0.2"
    https-proxy-agent "^5.0.0"
    is-stream "^2.0.0"
    node-fetch "^2.3.0"

gcp-metadata@^4.1.4:
  version "4.2.1"
  resolved "https://registry.yarnpkg.com/gcp-metadata/-/gcp-metadata-4.2.1.tgz#31849fbcf9025ef34c2297c32a89a1e7e9f2cd62"
  integrity sha512-tSk+REe5iq/N+K+SK1XjZJUrFPuDqGZVzCy2vocIHIGmPlTGsa8owXMJwGkrXr73NO0AzhPW4MF2DEHz7P2AVw==
  dependencies:
    gaxios "^4.0.0"
    json-bigint "^1.0.0"

https-proxy-agent@^5.0.0:
  version "5.0.0"
  resolved "https://registry.yarnpkg.com/https-proxy-agent/-/https-proxy-agent-5.0.0.tgz#e2a90542abb68a762e0a0850f6c9edadfd8506b2"
  integrity sha512-EkYm5BcKUGiduxzSt3Eppko+PiNWNEpa4ySk9vTC6wDsQJW9rHSa+UhGNJoRYp7bz6Ht1eaRIa6QaJqO5rCFbA==
  dependencies:
    agent-base "6"
    debug "4"

is-stream@^2.0.0:
  version "2.0.0"
  resolved "https://registry.yarnpkg.com/is-stream/-/is-stream-2.0.0.tgz#bde9c32680d6fae04129d6ac9d921ce7815f78e3"
  integrity sha512-XCoy+WlUr7d1+Z8GgSuXmpuUFC9fOhRXglJMx+dwLKTkL44Cjd4W1Z5P+BQZpr+cR93aGP4S/s7Ftw6Nd/kiEw==

json-bigint@^1.0.0:
  version "1.0.0"
  resolved "https://registry.yarnpkg.com/json-bigint/-/json-bigint-1.0.0.tgz#ae547823ac0cad8398667f8cd9ef4730f5b01ff1"
  integrity sha512-SiPv/8VpZuWbvLSMtTDU8hEfrZWg/mH/nV/b4o0CYbSxu1UIQPLdwKOCIyLQX+VIPO5vrLX3i8qtqFyhdPSUSQ==
  dependencies:
    bignumber.js "^9.0.0"

lodash.merge@^4.6.2:
  version "4.6.2"
  resolved "https://registry.yarnpkg.com/lodash.merge/-/lodash.merge-4.6.2.tgz#558aa53b43b661e1925a0afdfa36a9a1085fe57a"
  integrity sha512-0KpjqXRVvrYyCsX1swR/XTK0va6VQkQM6MNo7PqW77ByjAhoARA8EfrP1N4+KlKj8YS0ZUCtRT/YUuhyYDujIQ==

lru-cache@^6.0.0:
  version "6.0.0"
  resolved "https://registry.yarnpkg.com/lru-cache/-/lru-cache-6.0.0.tgz#6d6fe6570ebd96aaf90fcad1dafa3b2566db3a94"
  integrity sha512-Jo6dJ04CmSjuznwJSS3pUeWmd/H0ffTlkXXgwZi+eq1UCmqQwCh+eLsYOYCwY991i2Fah4h1BEMCx4qThGbsiA==
  dependencies:
    yallist "^4.0.0"

module-details-from-path@^1.0.3:
  version "1.0.3"
  resolved "https://registry.yarnpkg.com/module-details-from-path/-/module-details-from-path-1.0.3.tgz#114c949673e2a8a35e9d35788527aa37b679da2b"
  integrity sha1-EUyUlnPiqKNenTV4hSeqN7Z52is=

ms@2.1.2, ms@^2.1.1:
  version "2.1.2"
  resolved "https://registry.yarnpkg.com/ms/-/ms-2.1.2.tgz#d09d1f357b443f493382a8eb3ccd183872ae6009"
  integrity sha512-sGkPx+VjMtmA6MX27oA4FBFELFCZZ4S4XqeGOXCv68tT+jb3vk/RyaKWP0PTKyWtmLSM0b+adUTEvbs1PEaH2w==

node-fetch@2.6.1, node-fetch@^2.3.0:
  version "2.6.1"
  resolved "https://registry.yarnpkg.com/node-fetch/-/node-fetch-2.6.1.tgz#045bd323631f76ed2e2b55573394416b639a0052"
  integrity sha512-V4aYg89jEoVRxRb2fJdAg8FHvI7cEyYdVAh94HH0UIK8oJxUfkjlDQN9RbMx+bEjP7+ggMiFRprSti032Oipxw==

path-parse@^1.0.6:
  version "1.0.6"
  resolved "https://registry.yarnpkg.com/path-parse/-/path-parse-1.0.6.tgz#d62dbb5679405d72c4737ec58600e9ddcf06d24c"
  integrity sha512-GSmOT2EbHrINBf9SR7CDELwlJ8AENk3Qn7OikK4nFYAu3Ote2+JYNVvkpAEQm3/TLNEJFD/xZJjzyxg3KBWOzw==

require-in-the-middle@^5.0.3:
  version "5.1.0"
  resolved "https://registry.yarnpkg.com/require-in-the-middle/-/require-in-the-middle-5.1.0.tgz#b768f800377b47526d026bbf5a7f727f16eb412f"
  integrity sha512-M2rLKVupQfJ5lf9OvqFGIT+9iVLnTmjgbOmpil12hiSQNn5zJTKGPoIisETNjfK+09vP3rpm1zJajmErpr2sEQ==
  dependencies:
    debug "^4.1.1"
    module-details-from-path "^1.0.3"
    resolve "^1.12.0"

resolve@^1.12.0:
  version "1.17.0"
  resolved "https://registry.yarnpkg.com/resolve/-/resolve-1.17.0.tgz#b25941b54968231cc2d1bb76a79cb7f2c0bf8444"
  integrity sha512-ic+7JYiV8Vi2yzQGFWOkiZD5Z9z7O2Zhm9XMaTxdJExKasieFCr+yXZ/WmXsckHiKl12ar0y6XiXDx3m4RHn1w==
  dependencies:
    path-parse "^1.0.6"

semver@7.3.5:
  version "7.3.5"
  resolved "https://registry.yarnpkg.com/semver/-/semver-7.3.5.tgz#0b621c879348d8998e4b0e4be94b3f12e6018ef7"
  integrity sha512-PoeGJYh8HK4BTO/a9Tf6ZG3veo/A7ZVsYrSA6J8ny9nb3B1VrpkuN+z9OE5wfE5p6H4LchYZsegiQgbJD94ZFQ==
  dependencies:
    lru-cache "^6.0.0"

semver@^7.1.3:
  version "7.3.2"
  resolved "https://registry.yarnpkg.com/semver/-/semver-7.3.2.tgz#604962b052b81ed0786aae84389ffba70ffd3938"
  integrity sha512-OrOb32TeeambH6UrhtShmF7CRDqhL6/5XpPNp2DuRH6+9QLw/orhp72j87v8Qa1ScDkvrrBNpZcDejAirJmfXQ==

semver@^7.3.2:
  version "7.3.4"
  resolved "https://registry.yarnpkg.com/semver/-/semver-7.3.4.tgz#27aaa7d2e4ca76452f98d3add093a72c943edc97"
  integrity sha512-tCfb2WLjqFAtXn4KEdxIhalnRtoKFN7nAwj0B3ZXCbQloV2tq5eDbcTmT68JJD3nRJq24/XgxtQKFIpQdtvmVw==
  dependencies:
    lru-cache "^6.0.0"

shimmer@^1.2.1:
  version "1.2.1"
  resolved "https://registry.yarnpkg.com/shimmer/-/shimmer-1.2.1.tgz#610859f7de327b587efebf501fb43117f9aff337"
  integrity sha512-sQTKC1Re/rM6XyFM6fIAGHRPVGvyXfgzIDvzoq608vM+jeyVD0Tu1E6Np0Kc2zAIFWIj963V2800iF/9LPieQw==

yallist@^4.0.0:
  version "4.0.0"
  resolved "https://registry.yarnpkg.com/yallist/-/yallist-4.0.0.tgz#9bb92790d9c0effec63be73519e11a35019a3a72"
  integrity sha512-3wdGidZyq5PB084XLES5TpOSRA3wjXAlIWMhum2kRcv/41Sn2emQ0dycQW4uZXLejwKvg6EsvbdlVL+FYEct7A==
